// !$*UTF8*$!
{
	archiveVersion = 1;
	classes = {
	};
	objectVersion = 46;
	objects = {

/* Begin PBXBuildFile section */
		192C5CD01C4259D40045DBB8 /* CustomAlertView.xib in Resources */ = {isa = PBXBuildFile; fileRef = 192C5CCF1C4259D40045DBB8 /* CustomAlertView.xib */; };
		192C5CD21C425B800045DBB8 /* CustomAlertView.swift in Sources */ = {isa = PBXBuildFile; fileRef = 192C5CD11C425B800045DBB8 /* CustomAlertView.swift */; };
		197F6D671C40BBD400617E41 /* BannerTableViewCell.swift in Sources */ = {isa = PBXBuildFile; fileRef = 197F6D661C40BBD400617E41 /* BannerTableViewCell.swift */; };
		19CE24B81C1C8DAE007E5B47 /* DlNodeView.swift in Sources */ = {isa = PBXBuildFile; fileRef = 19CE24B71C1C8DAE007E5B47 /* DlNodeView.swift */; };
		19CE24BC1C1DA8BB007E5B47 /* SystemConfiguration.framework in Frameworks */ = {isa = PBXBuildFile; fileRef = 19CE24BB1C1DA8BB007E5B47 /* SystemConfiguration.framework */; };
		19CE24C21C1DB006007E5B47 /* NetworkObserver.swift in Sources */ = {isa = PBXBuildFile; fileRef = 19CE24C11C1DB006007E5B47 /* NetworkObserver.swift */; };
		19CE24C61C1DD240007E5B47 /* SettingCollectionViewCell.swift in Sources */ = {isa = PBXBuildFile; fileRef = 19CE24C51C1DD240007E5B47 /* SettingCollectionViewCell.swift */; };
		19DFCA641C12C10800AD79CC /* DetailViewController.swift in Sources */ = {isa = PBXBuildFile; fileRef = 19DFCA631C12C10800AD79CC /* DetailViewController.swift */; };
		19F4D25C1C29BD13008D10AA /* SettingViewController.swift in Sources */ = {isa = PBXBuildFile; fileRef = 19F4D25B1C29BD13008D10AA /* SettingViewController.swift */; };
		19F4D25E1C2AD989008D10AA /* CustomMarkerView.xib in Resources */ = {isa = PBXBuildFile; fileRef = 19F4D25D1C2AD989008D10AA /* CustomMarkerView.xib */; };
		19F4D2601C2ADF8C008D10AA /* CustomMarkerView.swift in Sources */ = {isa = PBXBuildFile; fileRef = 19F4D25F1C2ADF8C008D10AA /* CustomMarkerView.swift */; };
		19F4D2B01C2AEE57008D10AA /* Constants.swift in Sources */ = {isa = PBXBuildFile; fileRef = 19F4D2AF1C2AEE57008D10AA /* Constants.swift */; };
		846198C5764E577CF9F322FE /* Pods_BatteryCafe.framework in Frameworks */ = {isa = PBXBuildFile; fileRef = 4C70676733A7308AE4881D3A /* Pods_BatteryCafe.framework */; };
		8DE18FA41D74F0B62255A92B /* Pods_BatteryCafeTests.framework in Frameworks */ = {isa = PBXBuildFile; fileRef = 3E153886C22F7809FBAD0A10 /* Pods_BatteryCafeTests.framework */; };
		E90386B11BF4F7D600AE4BD3 /* MapViewController.swift in Sources */ = {isa = PBXBuildFile; fileRef = E90386B01BF4F7D600AE4BD3 /* MapViewController.swift */; };
		E90386C11BF5045F00AE4BD3 /* ListViewController.swift in Sources */ = {isa = PBXBuildFile; fileRef = E90386C01BF5045F00AE4BD3 /* ListViewController.swift */; };
		E90386D91BF63AFE00AE4BD3 /* CustomTableViewCell.swift in Sources */ = {isa = PBXBuildFile; fileRef = E90386D81BF63AFE00AE4BD3 /* CustomTableViewCell.swift */; };
		E923DA0B1BCCD9700005BFDF /* CafeModel.swift in Sources */ = {isa = PBXBuildFile; fileRef = E923DA0A1BCCD9700005BFDF /* CafeModel.swift */; };
		E923DA0F1BCD42B50005BFDF /* CafeData.swift in Sources */ = {isa = PBXBuildFile; fileRef = E923DA0E1BCD42B50005BFDF /* CafeData.swift */; };
		E923DA111BCD48970005BFDF /* ModelLocator.swift in Sources */ = {isa = PBXBuildFile; fileRef = E923DA101BCD48970005BFDF /* ModelLocator.swift */; };
		E9CA990D1BCC1E75000F7E04 /* AppDelegate.swift in Sources */ = {isa = PBXBuildFile; fileRef = E9CA990C1BCC1E75000F7E04 /* AppDelegate.swift */; };
		E9CA99121BCC1E75000F7E04 /* Main.storyboard in Resources */ = {isa = PBXBuildFile; fileRef = E9CA99101BCC1E75000F7E04 /* Main.storyboard */; };
		E9CA99141BCC1E75000F7E04 /* Images.xcassets in Resources */ = {isa = PBXBuildFile; fileRef = E9CA99131BCC1E75000F7E04 /* Images.xcassets */; };
		E9CA99171BCC1E75000F7E04 /* LaunchScreen.xib in Resources */ = {isa = PBXBuildFile; fileRef = E9CA99151BCC1E75000F7E04 /* LaunchScreen.xib */; };
		E9CA99231BCC1E75000F7E04 /* BatteryCafeTests.swift in Sources */ = {isa = PBXBuildFile; fileRef = E9CA99221BCC1E75000F7E04 /* BatteryCafeTests.swift */; };
/* End PBXBuildFile section */

/* Begin PBXContainerItemProxy section */
		E9CA991D1BCC1E75000F7E04 /* PBXContainerItemProxy */ = {
			isa = PBXContainerItemProxy;
			containerPortal = E9CA98FF1BCC1E75000F7E04 /* Project object */;
			proxyType = 1;
			remoteGlobalIDString = E9CA99061BCC1E75000F7E04;
			remoteInfo = BatteryCafe;
		};
/* End PBXContainerItemProxy section */

/* Begin PBXFileReference section */
		01286ECA7B04A6C5AEA0FA36 /* Pods-BatteryCafeTests.release.xcconfig */ = {isa = PBXFileReference; includeInIndex = 1; lastKnownFileType = text.xcconfig; name = "Pods-BatteryCafeTests.release.xcconfig"; path = "Pods/Target Support Files/Pods-BatteryCafeTests/Pods-BatteryCafeTests.release.xcconfig"; sourceTree = "<group>"; };
		192C5CCF1C4259D40045DBB8 /* CustomAlertView.xib */ = {isa = PBXFileReference; fileEncoding = 4; lastKnownFileType = file.xib; path = CustomAlertView.xib; sourceTree = "<group>"; };
		192C5CD11C425B800045DBB8 /* CustomAlertView.swift */ = {isa = PBXFileReference; fileEncoding = 4; lastKnownFileType = sourcecode.swift; path = CustomAlertView.swift; sourceTree = "<group>"; };
		197F6D661C40BBD400617E41 /* BannerTableViewCell.swift */ = {isa = PBXFileReference; fileEncoding = 4; lastKnownFileType = sourcecode.swift; path = BannerTableViewCell.swift; sourceTree = "<group>"; };
		19CE24B71C1C8DAE007E5B47 /* DlNodeView.swift */ = {isa = PBXFileReference; fileEncoding = 4; lastKnownFileType = sourcecode.swift; path = DlNodeView.swift; sourceTree = "<group>"; };
		19CE24BB1C1DA8BB007E5B47 /* SystemConfiguration.framework */ = {isa = PBXFileReference; lastKnownFileType = wrapper.framework; name = SystemConfiguration.framework; path = System/Library/Frameworks/SystemConfiguration.framework; sourceTree = SDKROOT; };
		19CE24C11C1DB006007E5B47 /* NetworkObserver.swift */ = {isa = PBXFileReference; fileEncoding = 4; lastKnownFileType = sourcecode.swift; path = NetworkObserver.swift; sourceTree = "<group>"; };
		19CE24C51C1DD240007E5B47 /* SettingCollectionViewCell.swift */ = {isa = PBXFileReference; fileEncoding = 4; lastKnownFileType = sourcecode.swift; path = SettingCollectionViewCell.swift; sourceTree = "<group>"; };
		19DFCA631C12C10800AD79CC /* DetailViewController.swift */ = {isa = PBXFileReference; fileEncoding = 4; lastKnownFileType = sourcecode.swift; path = DetailViewController.swift; sourceTree = "<group>"; };
		19EB33AD1C56905D00C04A23 /* BatteryCafe-Bridging-Header.h */ = {isa = PBXFileReference; fileEncoding = 4; lastKnownFileType = sourcecode.c.h; path = "BatteryCafe-Bridging-Header.h"; sourceTree = "<group>"; };
		19F4D25B1C29BD13008D10AA /* SettingViewController.swift */ = {isa = PBXFileReference; fileEncoding = 4; lastKnownFileType = sourcecode.swift; path = SettingViewController.swift; sourceTree = "<group>"; };
		19F4D25D1C2AD989008D10AA /* CustomMarkerView.xib */ = {isa = PBXFileReference; fileEncoding = 4; lastKnownFileType = file.xib; path = CustomMarkerView.xib; sourceTree = "<group>"; };
		19F4D25F1C2ADF8C008D10AA /* CustomMarkerView.swift */ = {isa = PBXFileReference; fileEncoding = 4; lastKnownFileType = sourcecode.swift; path = CustomMarkerView.swift; sourceTree = "<group>"; };
		19F4D2AF1C2AEE57008D10AA /* Constants.swift */ = {isa = PBXFileReference; fileEncoding = 4; lastKnownFileType = sourcecode.swift; path = Constants.swift; sourceTree = "<group>"; };
		261EACA50A6D66E298813587 /* Pods-BatteryCafeTests.debug.xcconfig */ = {isa = PBXFileReference; includeInIndex = 1; lastKnownFileType = text.xcconfig; name = "Pods-BatteryCafeTests.debug.xcconfig"; path = "Pods/Target Support Files/Pods-BatteryCafeTests/Pods-BatteryCafeTests.debug.xcconfig"; sourceTree = "<group>"; };
		263FF87FDA22248C58FAAC25 /* Pods-BatteryCafe.release.xcconfig */ = {isa = PBXFileReference; includeInIndex = 1; lastKnownFileType = text.xcconfig; name = "Pods-BatteryCafe.release.xcconfig"; path = "Pods/Target Support Files/Pods-BatteryCafe/Pods-BatteryCafe.release.xcconfig"; sourceTree = "<group>"; };
		3E153886C22F7809FBAD0A10 /* Pods_BatteryCafeTests.framework */ = {isa = PBXFileReference; explicitFileType = wrapper.framework; includeInIndex = 0; path = Pods_BatteryCafeTests.framework; sourceTree = BUILT_PRODUCTS_DIR; };
		4C70676733A7308AE4881D3A /* Pods_BatteryCafe.framework */ = {isa = PBXFileReference; explicitFileType = wrapper.framework; includeInIndex = 0; path = Pods_BatteryCafe.framework; sourceTree = BUILT_PRODUCTS_DIR; };
		BFE901D7BB0F8E67763D768A /* Pods-BatteryCafe.debug.xcconfig */ = {isa = PBXFileReference; includeInIndex = 1; lastKnownFileType = text.xcconfig; name = "Pods-BatteryCafe.debug.xcconfig"; path = "Pods/Target Support Files/Pods-BatteryCafe/Pods-BatteryCafe.debug.xcconfig"; sourceTree = "<group>"; };
		E90386B01BF4F7D600AE4BD3 /* MapViewController.swift */ = {isa = PBXFileReference; fileEncoding = 4; lastKnownFileType = sourcecode.swift; path = MapViewController.swift; sourceTree = "<group>"; };
		E90386C01BF5045F00AE4BD3 /* ListViewController.swift */ = {isa = PBXFileReference; fileEncoding = 4; lastKnownFileType = sourcecode.swift; path = ListViewController.swift; sourceTree = "<group>"; };
		E90386D81BF63AFE00AE4BD3 /* CustomTableViewCell.swift */ = {isa = PBXFileReference; fileEncoding = 4; lastKnownFileType = sourcecode.swift; path = CustomTableViewCell.swift; sourceTree = "<group>"; };
		E923DA0A1BCCD9700005BFDF /* CafeModel.swift */ = {isa = PBXFileReference; fileEncoding = 4; lastKnownFileType = sourcecode.swift; path = CafeModel.swift; sourceTree = "<group>"; };
		E923DA0E1BCD42B50005BFDF /* CafeData.swift */ = {isa = PBXFileReference; fileEncoding = 4; lastKnownFileType = sourcecode.swift; path = CafeData.swift; sourceTree = "<group>"; };
		E923DA101BCD48970005BFDF /* ModelLocator.swift */ = {isa = PBXFileReference; fileEncoding = 4; lastKnownFileType = sourcecode.swift; path = ModelLocator.swift; sourceTree = "<group>"; };
		E9CA99071BCC1E75000F7E04 /* BatteryCafe.app */ = {isa = PBXFileReference; explicitFileType = wrapper.application; includeInIndex = 0; path = BatteryCafe.app; sourceTree = BUILT_PRODUCTS_DIR; };
		E9CA990B1BCC1E75000F7E04 /* Info.plist */ = {isa = PBXFileReference; lastKnownFileType = text.plist.xml; path = Info.plist; sourceTree = "<group>"; };
		E9CA990C1BCC1E75000F7E04 /* AppDelegate.swift */ = {isa = PBXFileReference; lastKnownFileType = sourcecode.swift; path = AppDelegate.swift; sourceTree = "<group>"; };
		E9CA99111BCC1E75000F7E04 /* Base */ = {isa = PBXFileReference; lastKnownFileType = file.storyboard; name = Base; path = Base.lproj/Main.storyboard; sourceTree = "<group>"; };
		E9CA99131BCC1E75000F7E04 /* Images.xcassets */ = {isa = PBXFileReference; lastKnownFileType = folder.assetcatalog; path = Images.xcassets; sourceTree = "<group>"; };
		E9CA99161BCC1E75000F7E04 /* Base */ = {isa = PBXFileReference; lastKnownFileType = file.xib; name = Base; path = Base.lproj/LaunchScreen.xib; sourceTree = "<group>"; };
		E9CA991C1BCC1E75000F7E04 /* BatteryCafeTests.xctest */ = {isa = PBXFileReference; explicitFileType = wrapper.cfbundle; includeInIndex = 0; path = BatteryCafeTests.xctest; sourceTree = BUILT_PRODUCTS_DIR; };
		E9CA99211BCC1E75000F7E04 /* Info.plist */ = {isa = PBXFileReference; lastKnownFileType = text.plist.xml; path = Info.plist; sourceTree = "<group>"; };
		E9CA99221BCC1E75000F7E04 /* BatteryCafeTests.swift */ = {isa = PBXFileReference; lastKnownFileType = sourcecode.swift; path = BatteryCafeTests.swift; sourceTree = "<group>"; };
/* End PBXFileReference section */

/* Begin PBXFrameworksBuildPhase section */
		E9CA99041BCC1E75000F7E04 /* Frameworks */ = {
			isa = PBXFrameworksBuildPhase;
			buildActionMask = 2147483647;
			files = (
				19CE24BC1C1DA8BB007E5B47 /* SystemConfiguration.framework in Frameworks */,
				846198C5764E577CF9F322FE /* Pods_BatteryCafe.framework in Frameworks */,
			);
			runOnlyForDeploymentPostprocessing = 0;
		};
		E9CA99191BCC1E75000F7E04 /* Frameworks */ = {
			isa = PBXFrameworksBuildPhase;
			buildActionMask = 2147483647;
			files = (
				8DE18FA41D74F0B62255A92B /* Pods_BatteryCafeTests.framework in Frameworks */,
			);
			runOnlyForDeploymentPostprocessing = 0;
		};
/* End PBXFrameworksBuildPhase section */

/* Begin PBXGroup section */
		19CE24B51C1C8CFB007E5B47 /* ViewController */ = {
			isa = PBXGroup;
			children = (
				E90386B01BF4F7D600AE4BD3 /* MapViewController.swift */,
				E90386C01BF5045F00AE4BD3 /* ListViewController.swift */,
				19DFCA631C12C10800AD79CC /* DetailViewController.swift */,
				19F4D25B1C29BD13008D10AA /* SettingViewController.swift */,
			);
			name = ViewController;
			sourceTree = "<group>";
		};
		19CE24B61C1C8D66007E5B47 /* View */ = {
			isa = PBXGroup;
			children = (
				E90386D81BF63AFE00AE4BD3 /* CustomTableViewCell.swift */,
				19CE24B71C1C8DAE007E5B47 /* DlNodeView.swift */,
				19CE24C51C1DD240007E5B47 /* SettingCollectionViewCell.swift */,
				19F4D25F1C2ADF8C008D10AA /* CustomMarkerView.swift */,
				19F4D25D1C2AD989008D10AA /* CustomMarkerView.xib */,
				197F6D661C40BBD400617E41 /* BannerTableViewCell.swift */,
				192C5CCF1C4259D40045DBB8 /* CustomAlertView.xib */,
				192C5CD11C425B800045DBB8 /* CustomAlertView.swift */,
			);
			name = View;
			sourceTree = "<group>";
		};
		DB10DE57B7B9A2CAA770F646 /* Frameworks */ = {
			isa = PBXGroup;
			children = (
				19CE24BB1C1DA8BB007E5B47 /* SystemConfiguration.framework */,
				4C70676733A7308AE4881D3A /* Pods_BatteryCafe.framework */,
				3E153886C22F7809FBAD0A10 /* Pods_BatteryCafeTests.framework */,
			);
			name = Frameworks;
			sourceTree = "<group>";
		};
		E90386A31BF4F78F00AE4BD3 /* images */ = {
			isa = PBXGroup;
			children = (
			);
			name = images;
			sourceTree = "<group>";
		};
		E923DA121BCD49E20005BFDF /* Model */ = {
			isa = PBXGroup;
			children = (
				E923DA0E1BCD42B50005BFDF /* CafeData.swift */,
				E923DA0A1BCCD9700005BFDF /* CafeModel.swift */,
				19CE24C11C1DB006007E5B47 /* NetworkObserver.swift */,
				E923DA101BCD48970005BFDF /* ModelLocator.swift */,
				19F4D2AF1C2AEE57008D10AA /* Constants.swift */,
			);
			name = Model;
			sourceTree = "<group>";
		};
		E9CA98FE1BCC1E75000F7E04 = {
			isa = PBXGroup;
			children = (
				E9CA99091BCC1E75000F7E04 /* BatteryCafe */,
				E9CA991F1BCC1E75000F7E04 /* BatteryCafeTests */,
				E9CA99081BCC1E75000F7E04 /* Products */,
				DB10DE57B7B9A2CAA770F646 /* Frameworks */,
				F17AA12B66DA250A81774473 /* Pods */,
			);
			sourceTree = "<group>";
		};
		E9CA99081BCC1E75000F7E04 /* Products */ = {
			isa = PBXGroup;
			children = (
				E9CA99071BCC1E75000F7E04 /* BatteryCafe.app */,
				E9CA991C1BCC1E75000F7E04 /* BatteryCafeTests.xctest */,
			);
			name = Products;
			sourceTree = "<group>";
		};
		E9CA99091BCC1E75000F7E04 /* BatteryCafe */ = {
			isa = PBXGroup;
			children = (
				19EB33AD1C56905D00C04A23 /* BatteryCafe-Bridging-Header.h */,
				E9CA990C1BCC1E75000F7E04 /* AppDelegate.swift */,
				E90386A31BF4F78F00AE4BD3 /* images */,
				E923DA121BCD49E20005BFDF /* Model */,
				19CE24B51C1C8CFB007E5B47 /* ViewController */,
				19CE24B61C1C8D66007E5B47 /* View */,
				E9CA99101BCC1E75000F7E04 /* Main.storyboard */,
				E9CA99131BCC1E75000F7E04 /* Images.xcassets */,
				E9CA99151BCC1E75000F7E04 /* LaunchScreen.xib */,
				E9CA990A1BCC1E75000F7E04 /* Supporting Files */,
			);
			path = BatteryCafe;
			sourceTree = "<group>";
		};
		E9CA990A1BCC1E75000F7E04 /* Supporting Files */ = {
			isa = PBXGroup;
			children = (
				E9CA990B1BCC1E75000F7E04 /* Info.plist */,
			);
			name = "Supporting Files";
			sourceTree = "<group>";
		};
		E9CA991F1BCC1E75000F7E04 /* BatteryCafeTests */ = {
			isa = PBXGroup;
			children = (
				E9CA99221BCC1E75000F7E04 /* BatteryCafeTests.swift */,
				E9CA99201BCC1E75000F7E04 /* Supporting Files */,
			);
			path = BatteryCafeTests;
			sourceTree = "<group>";
		};
		E9CA99201BCC1E75000F7E04 /* Supporting Files */ = {
			isa = PBXGroup;
			children = (
				E9CA99211BCC1E75000F7E04 /* Info.plist */,
			);
			name = "Supporting Files";
			sourceTree = "<group>";
		};
		F17AA12B66DA250A81774473 /* Pods */ = {
			isa = PBXGroup;
			children = (
				BFE901D7BB0F8E67763D768A /* Pods-BatteryCafe.debug.xcconfig */,
				263FF87FDA22248C58FAAC25 /* Pods-BatteryCafe.release.xcconfig */,
				261EACA50A6D66E298813587 /* Pods-BatteryCafeTests.debug.xcconfig */,
				01286ECA7B04A6C5AEA0FA36 /* Pods-BatteryCafeTests.release.xcconfig */,
			);
			name = Pods;
			sourceTree = "<group>";
		};
/* End PBXGroup section */

/* Begin PBXNativeTarget section */
		E9CA99061BCC1E75000F7E04 /* BatteryCafe */ = {
			isa = PBXNativeTarget;
			buildConfigurationList = E9CA99261BCC1E75000F7E04 /* Build configuration list for PBXNativeTarget "BatteryCafe" */;
			buildPhases = (
				1391D61A216EA0D37470ED14 /* [CP] Check Pods Manifest.lock */,
				E9CA99031BCC1E75000F7E04 /* Sources */,
				E9CA99041BCC1E75000F7E04 /* Frameworks */,
				E9CA99051BCC1E75000F7E04 /* Resources */,
				C74811EB5A4DECCE1BA45105 /* [CP] Embed Pods Frameworks */,
				00C046F9C2D19A3107067CE4 /* [CP] Copy Pods Resources */,
			);
			buildRules = (
			);
			dependencies = (
			);
			name = BatteryCafe;
			productName = BatteryCafe;
			productReference = E9CA99071BCC1E75000F7E04 /* BatteryCafe.app */;
			productType = "com.apple.product-type.application";
		};
		E9CA991B1BCC1E75000F7E04 /* BatteryCafeTests */ = {
			isa = PBXNativeTarget;
			buildConfigurationList = E9CA99291BCC1E75000F7E04 /* Build configuration list for PBXNativeTarget "BatteryCafeTests" */;
			buildPhases = (
				18823C0485326E69EC57CF79 /* [CP] Check Pods Manifest.lock */,
				E9CA99181BCC1E75000F7E04 /* Sources */,
				E9CA99191BCC1E75000F7E04 /* Frameworks */,
				E9CA991A1BCC1E75000F7E04 /* Resources */,
				45181996A750E309BFA02FEA /* [CP] Embed Pods Frameworks */,
				9847053A597A37C3BDF60E34 /* [CP] Copy Pods Resources */,
			);
			buildRules = (
			);
			dependencies = (
				E9CA991E1BCC1E75000F7E04 /* PBXTargetDependency */,
			);
			name = BatteryCafeTests;
			productName = BatteryCafeTests;
			productReference = E9CA991C1BCC1E75000F7E04 /* BatteryCafeTests.xctest */;
			productType = "com.apple.product-type.bundle.unit-test";
		};
/* End PBXNativeTarget section */

/* Begin PBXProject section */
		E9CA98FF1BCC1E75000F7E04 /* Project object */ = {
			isa = PBXProject;
			attributes = {
				LastSwiftMigration = 0710;
				LastSwiftUpdateCheck = 0710;
				LastUpgradeCheck = 0730;
				ORGANIZATIONNAME = TeamDeNA;
				TargetAttributes = {
					E9CA99061BCC1E75000F7E04 = {
						CreatedOnToolsVersion = 6.4;
						DevelopmentTeam = GSYY7UBQ7A;
					};
					E9CA991B1BCC1E75000F7E04 = {
						CreatedOnToolsVersion = 6.4;
						TestTargetID = E9CA99061BCC1E75000F7E04;
					};
				};
			};
			buildConfigurationList = E9CA99021BCC1E75000F7E04 /* Build configuration list for PBXProject "jp.minami1389.BatteryCafe" */;
			compatibilityVersion = "Xcode 3.2";
			developmentRegion = English;
			hasScannedForEncodings = 0;
			knownRegions = (
				en,
				Base,
			);
			mainGroup = E9CA98FE1BCC1E75000F7E04;
			productRefGroup = E9CA99081BCC1E75000F7E04 /* Products */;
			projectDirPath = "";
			projectRoot = "";
			targets = (
				E9CA99061BCC1E75000F7E04 /* BatteryCafe */,
				E9CA991B1BCC1E75000F7E04 /* BatteryCafeTests */,
			);
		};
/* End PBXProject section */

/* Begin PBXResourcesBuildPhase section */
		E9CA99051BCC1E75000F7E04 /* Resources */ = {
			isa = PBXResourcesBuildPhase;
			buildActionMask = 2147483647;
			files = (
				19F4D25E1C2AD989008D10AA /* CustomMarkerView.xib in Resources */,
				E9CA99121BCC1E75000F7E04 /* Main.storyboard in Resources */,
				E9CA99171BCC1E75000F7E04 /* LaunchScreen.xib in Resources */,
				E9CA99141BCC1E75000F7E04 /* Images.xcassets in Resources */,
				192C5CD01C4259D40045DBB8 /* CustomAlertView.xib in Resources */,
			);
			runOnlyForDeploymentPostprocessing = 0;
		};
		E9CA991A1BCC1E75000F7E04 /* Resources */ = {
			isa = PBXResourcesBuildPhase;
			buildActionMask = 2147483647;
			files = (
			);
			runOnlyForDeploymentPostprocessing = 0;
		};
/* End PBXResourcesBuildPhase section */

/* Begin PBXShellScriptBuildPhase section */
		00C046F9C2D19A3107067CE4 /* [CP] Copy Pods Resources */ = {
			isa = PBXShellScriptBuildPhase;
			buildActionMask = 2147483647;
			files = (
			);
			inputPaths = (
			);
			name = "[CP] Copy Pods Resources";
			outputPaths = (
			);
			runOnlyForDeploymentPostprocessing = 0;
			shellPath = /bin/sh;
			shellScript = "\"${SRCROOT}/Pods/Target Support Files/Pods-BatteryCafe/Pods-BatteryCafe-resources.sh\"\n";
			showEnvVarsInLog = 0;
		};
		1391D61A216EA0D37470ED14 /* [CP] Check Pods Manifest.lock */ = {
			isa = PBXShellScriptBuildPhase;
			buildActionMask = 2147483647;
			files = (
			);
			inputPaths = (
			);
			name = "[CP] Check Pods Manifest.lock";
			outputPaths = (
			);
			runOnlyForDeploymentPostprocessing = 0;
			shellPath = /bin/sh;
			shellScript = "diff \"${PODS_ROOT}/../Podfile.lock\" \"${PODS_ROOT}/Manifest.lock\" > /dev/null\nif [ $? != 0 ] ; then\n    # print error to STDERR\n    echo \"error: The sandbox is not in sync with the Podfile.lock. Run 'pod install' or update your CocoaPods installation.\" >&2\n    exit 1\nfi\n";
			showEnvVarsInLog = 0;
		};
		18823C0485326E69EC57CF79 /* [CP] Check Pods Manifest.lock */ = {
			isa = PBXShellScriptBuildPhase;
			buildActionMask = 2147483647;
			files = (
			);
			inputPaths = (
			);
			name = "[CP] Check Pods Manifest.lock";
			outputPaths = (
			);
			runOnlyForDeploymentPostprocessing = 0;
			shellPath = /bin/sh;
			shellScript = "diff \"${PODS_ROOT}/../Podfile.lock\" \"${PODS_ROOT}/Manifest.lock\" > /dev/null\nif [ $? != 0 ] ; then\n    # print error to STDERR\n    echo \"error: The sandbox is not in sync with the Podfile.lock. Run 'pod install' or update your CocoaPods installation.\" >&2\n    exit 1\nfi\n";
			showEnvVarsInLog = 0;
		};
		45181996A750E309BFA02FEA /* [CP] Embed Pods Frameworks */ = {
			isa = PBXShellScriptBuildPhase;
			buildActionMask = 2147483647;
			files = (
			);
			inputPaths = (
			);
			name = "[CP] Embed Pods Frameworks";
			outputPaths = (
			);
			runOnlyForDeploymentPostprocessing = 0;
			shellPath = /bin/sh;
			shellScript = "\"${SRCROOT}/Pods/Target Support Files/Pods-BatteryCafeTests/Pods-BatteryCafeTests-frameworks.sh\"\n";
			showEnvVarsInLog = 0;
		};
		9847053A597A37C3BDF60E34 /* [CP] Copy Pods Resources */ = {
			isa = PBXShellScriptBuildPhase;
			buildActionMask = 2147483647;
			files = (
			);
			inputPaths = (
			);
			name = "[CP] Copy Pods Resources";
			outputPaths = (
			);
			runOnlyForDeploymentPostprocessing = 0;
			shellPath = /bin/sh;
			shellScript = "\"${SRCROOT}/Pods/Target Support Files/Pods-BatteryCafeTests/Pods-BatteryCafeTests-resources.sh\"\n";
			showEnvVarsInLog = 0;
		};
		C74811EB5A4DECCE1BA45105 /* [CP] Embed Pods Frameworks */ = {
			isa = PBXShellScriptBuildPhase;
			buildActionMask = 2147483647;
			files = (
			);
			inputPaths = (
			);
			name = "[CP] Embed Pods Frameworks";
			outputPaths = (
			);
			runOnlyForDeploymentPostprocessing = 0;
			shellPath = /bin/sh;
			shellScript = "\"${SRCROOT}/Pods/Target Support Files/Pods-BatteryCafe/Pods-BatteryCafe-frameworks.sh\"\n";
			showEnvVarsInLog = 0;
		};
/* End PBXShellScriptBuildPhase section */

/* Begin PBXSourcesBuildPhase section */
		E9CA99031BCC1E75000F7E04 /* Sources */ = {
			isa = PBXSourcesBuildPhase;
			buildActionMask = 2147483647;
			files = (
				197F6D671C40BBD400617E41 /* BannerTableViewCell.swift in Sources */,
				19DFCA641C12C10800AD79CC /* DetailViewController.swift in Sources */,
				19CE24B81C1C8DAE007E5B47 /* DlNodeView.swift in Sources */,
				19CE24C21C1DB006007E5B47 /* NetworkObserver.swift in Sources */,
				19F4D25C1C29BD13008D10AA /* SettingViewController.swift in Sources */,
				E923DA111BCD48970005BFDF /* ModelLocator.swift in Sources */,
				E90386D91BF63AFE00AE4BD3 /* CustomTableViewCell.swift in Sources */,
				E90386B11BF4F7D600AE4BD3 /* MapViewController.swift in Sources */,
				19CE24C61C1DD240007E5B47 /* SettingCollectionViewCell.swift in Sources */,
				E923DA0B1BCCD9700005BFDF /* CafeModel.swift in Sources */,
				E923DA0F1BCD42B50005BFDF /* CafeData.swift in Sources */,
				19F4D2601C2ADF8C008D10AA /* CustomMarkerView.swift in Sources */,
				19F4D2B01C2AEE57008D10AA /* Constants.swift in Sources */,
				E9CA990D1BCC1E75000F7E04 /* AppDelegate.swift in Sources */,
				192C5CD21C425B800045DBB8 /* CustomAlertView.swift in Sources */,
				E90386C11BF5045F00AE4BD3 /* ListViewController.swift in Sources */,
			);
			runOnlyForDeploymentPostprocessing = 0;
		};
		E9CA99181BCC1E75000F7E04 /* Sources */ = {
			isa = PBXSourcesBuildPhase;
			buildActionMask = 2147483647;
			files = (
				E9CA99231BCC1E75000F7E04 /* BatteryCafeTests.swift in Sources */,
			);
			runOnlyForDeploymentPostprocessing = 0;
		};
/* End PBXSourcesBuildPhase section */

/* Begin PBXTargetDependency section */
		E9CA991E1BCC1E75000F7E04 /* PBXTargetDependency */ = {
			isa = PBXTargetDependency;
			target = E9CA99061BCC1E75000F7E04 /* BatteryCafe */;
			targetProxy = E9CA991D1BCC1E75000F7E04 /* PBXContainerItemProxy */;
		};
/* End PBXTargetDependency section */

/* Begin PBXVariantGroup section */
		E9CA99101BCC1E75000F7E04 /* Main.storyboard */ = {
			isa = PBXVariantGroup;
			children = (
				E9CA99111BCC1E75000F7E04 /* Base */,
			);
			name = Main.storyboard;
			sourceTree = "<group>";
		};
		E9CA99151BCC1E75000F7E04 /* LaunchScreen.xib */ = {
			isa = PBXVariantGroup;
			children = (
				E9CA99161BCC1E75000F7E04 /* Base */,
			);
			name = LaunchScreen.xib;
			sourceTree = "<group>";
		};
/* End PBXVariantGroup section */

/* Begin XCBuildConfiguration section */
		E9CA99241BCC1E75000F7E04 /* Debug */ = {
			isa = XCBuildConfiguration;
			buildSettings = {
				ALWAYS_SEARCH_USER_PATHS = NO;
				CLANG_CXX_LANGUAGE_STANDARD = "gnu++0x";
				CLANG_CXX_LIBRARY = "libc++";
				CLANG_ENABLE_MODULES = YES;
				CLANG_ENABLE_OBJC_ARC = YES;
				CLANG_WARN_BOOL_CONVERSION = YES;
				CLANG_WARN_CONSTANT_CONVERSION = YES;
				CLANG_WARN_DIRECT_OBJC_ISA_USAGE = YES_ERROR;
				CLANG_WARN_EMPTY_BODY = YES;
				CLANG_WARN_ENUM_CONVERSION = YES;
				CLANG_WARN_INT_CONVERSION = YES;
				CLANG_WARN_OBJC_ROOT_CLASS = YES_ERROR;
				CLANG_WARN_UNREACHABLE_CODE = YES;
				CLANG_WARN__DUPLICATE_METHOD_MATCH = YES;
				"CODE_SIGN_IDENTITY[sdk=iphoneos*]" = "iPhone Developer";
				COPY_PHASE_STRIP = NO;
				DEBUG_INFORMATION_FORMAT = "dwarf-with-dsym";
				ENABLE_STRICT_OBJC_MSGSEND = YES;
				ENABLE_TESTABILITY = YES;
				GCC_C_LANGUAGE_STANDARD = gnu99;
				GCC_DYNAMIC_NO_PIC = NO;
				GCC_NO_COMMON_BLOCKS = YES;
				GCC_OPTIMIZATION_LEVEL = 0;
				GCC_PREPROCESSOR_DEFINITIONS = (
					"DEBUG=1",
					"$(inherited)",
				);
				GCC_SYMBOLS_PRIVATE_EXTERN = NO;
				GCC_WARN_64_TO_32_BIT_CONVERSION = YES;
				GCC_WARN_ABOUT_RETURN_TYPE = YES_ERROR;
				GCC_WARN_UNDECLARED_SELECTOR = YES;
				GCC_WARN_UNINITIALIZED_AUTOS = YES_AGGRESSIVE;
				GCC_WARN_UNUSED_FUNCTION = YES;
				GCC_WARN_UNUSED_VARIABLE = YES;
				IPHONEOS_DEPLOYMENT_TARGET = 8.4;
				MTL_ENABLE_DEBUG_INFO = YES;
				ONLY_ACTIVE_ARCH = YES;
				SDKROOT = iphoneos;
				SWIFT_OPTIMIZATION_LEVEL = "-Onone";
				SWIFT_VERSION = 3.0.1;
			};
			name = Debug;
		};
		E9CA99251BCC1E75000F7E04 /* Release */ = {
			isa = XCBuildConfiguration;
			buildSettings = {
				ALWAYS_SEARCH_USER_PATHS = NO;
				CLANG_CXX_LANGUAGE_STANDARD = "gnu++0x";
				CLANG_CXX_LIBRARY = "libc++";
				CLANG_ENABLE_MODULES = YES;
				CLANG_ENABLE_OBJC_ARC = YES;
				CLANG_WARN_BOOL_CONVERSION = YES;
				CLANG_WARN_CONSTANT_CONVERSION = YES;
				CLANG_WARN_DIRECT_OBJC_ISA_USAGE = YES_ERROR;
				CLANG_WARN_EMPTY_BODY = YES;
				CLANG_WARN_ENUM_CONVERSION = YES;
				CLANG_WARN_INT_CONVERSION = YES;
				CLANG_WARN_OBJC_ROOT_CLASS = YES_ERROR;
				CLANG_WARN_UNREACHABLE_CODE = YES;
				CLANG_WARN__DUPLICATE_METHOD_MATCH = YES;
				"CODE_SIGN_IDENTITY[sdk=iphoneos*]" = "iPhone Developer";
				COPY_PHASE_STRIP = NO;
				DEBUG_INFORMATION_FORMAT = "dwarf-with-dsym";
				ENABLE_NS_ASSERTIONS = NO;
				ENABLE_STRICT_OBJC_MSGSEND = YES;
				GCC_C_LANGUAGE_STANDARD = gnu99;
				GCC_NO_COMMON_BLOCKS = YES;
				GCC_WARN_64_TO_32_BIT_CONVERSION = YES;
				GCC_WARN_ABOUT_RETURN_TYPE = YES_ERROR;
				GCC_WARN_UNDECLARED_SELECTOR = YES;
				GCC_WARN_UNINITIALIZED_AUTOS = YES_AGGRESSIVE;
				GCC_WARN_UNUSED_FUNCTION = YES;
				GCC_WARN_UNUSED_VARIABLE = YES;
				IPHONEOS_DEPLOYMENT_TARGET = 8.4;
				MTL_ENABLE_DEBUG_INFO = NO;
				SDKROOT = iphoneos;
				SWIFT_VERSION = 3.0.1;
				VALIDATE_PRODUCT = YES;
			};
			name = Release;
		};
		E9CA99271BCC1E75000F7E04 /* Debug */ = {
			isa = XCBuildConfiguration;
			baseConfigurationReference = BFE901D7BB0F8E67763D768A /* Pods-BatteryCafe.debug.xcconfig */;
			buildSettings = {
				ASSETCATALOG_COMPILER_APPICON_NAME = AppIcon;
				CODE_SIGN_IDENTITY = "iPhone Developer";
				"CODE_SIGN_IDENTITY[sdk=iphoneos*]" = "iPhone Developer";
				ENABLE_BITCODE = NO;
				INFOPLIST_FILE = BatteryCafe/Info.plist;
				IPHONEOS_DEPLOYMENT_TARGET = 8.0;
				LD_RUNPATH_SEARCH_PATHS = "$(inherited) @executable_path/Frameworks";
				ONLY_ACTIVE_ARCH = YES;
				PRODUCT_BUNDLE_IDENTIFIER = jp.minami1389.BatteryCafe;
				PRODUCT_NAME = "$(TARGET_NAME)";
				PROVISIONING_PROFILE = "";
				SWIFT_OBJC_BRIDGING_HEADER = "BatteryCafe/BatteryCafe-Bridging-Header.h";
				SWIFT_VERSION = 2.3;
				TARGETED_DEVICE_FAMILY = 1;
			};
			name = Debug;
		};
		E9CA99281BCC1E75000F7E04 /* Release */ = {
			isa = XCBuildConfiguration;
			baseConfigurationReference = 263FF87FDA22248C58FAAC25 /* Pods-BatteryCafe.release.xcconfig */;
			buildSettings = {
				ASSETCATALOG_COMPILER_APPICON_NAME = AppIcon;
				CODE_SIGN_IDENTITY = "iPhone Developer";
				"CODE_SIGN_IDENTITY[sdk=iphoneos*]" = "iPhone Developer";
				ENABLE_BITCODE = NO;
				INFOPLIST_FILE = BatteryCafe/Info.plist;
				IPHONEOS_DEPLOYMENT_TARGET = 8.0;
				LD_RUNPATH_SEARCH_PATHS = "$(inherited) @executable_path/Frameworks";
				PRODUCT_BUNDLE_IDENTIFIER = jp.minami1389.BatteryCafe;
				PRODUCT_NAME = "$(TARGET_NAME)";
				PROVISIONING_PROFILE = "";
				SWIFT_OBJC_BRIDGING_HEADER = "BatteryCafe/BatteryCafe-Bridging-Header.h";
				SWIFT_VERSION = 2.3;
				TARGETED_DEVICE_FAMILY = 1;
			};
			name = Release;
		};
		E9CA992A1BCC1E75000F7E04 /* Debug */ = {
			isa = XCBuildConfiguration;
			baseConfigurationReference = 261EACA50A6D66E298813587 /* Pods-BatteryCafeTests.debug.xcconfig */;
			buildSettings = {
				BUNDLE_LOADER = "$(TEST_HOST)";
				FRAMEWORK_SEARCH_PATHS = (
					"$(SDKROOT)/Developer/Library/Frameworks",
					"$(inherited)",
				);
				GCC_PREPROCESSOR_DEFINITIONS = (
					"DEBUG=1",
					"$(inherited)",
				);
				INFOPLIST_FILE = BatteryCafeTests/Info.plist;
				LD_RUNPATH_SEARCH_PATHS = "$(inherited) @executable_path/Frameworks @loader_path/Frameworks";
				PRODUCT_BUNDLE_IDENTIFIER = "-.$(PRODUCT_NAME:rfc1034identifier)";
				PRODUCT_NAME = "$(TARGET_NAME)";
				SWIFT_VERSION = 3.0.1;
				TEST_HOST = "$(BUILT_PRODUCTS_DIR)/BatteryCafe.app/BatteryCafe";
			};
			name = Debug;
		};
		E9CA992B1BCC1E75000F7E04 /* Release */ = {
			isa = XCBuildConfiguration;
			baseConfigurationReference = 01286ECA7B04A6C5AEA0FA36 /* Pods-BatteryCafeTests.release.xcconfig */;
			buildSettings = {
				BUNDLE_LOADER = "$(TEST_HOST)";
				FRAMEWORK_SEARCH_PATHS = (
					"$(SDKROOT)/Developer/Library/Frameworks",
					"$(inherited)",
				);
				INFOPLIST_FILE = BatteryCafeTests/Info.plist;
				LD_RUNPATH_SEARCH_PATHS = "$(inherited) @executable_path/Frameworks @loader_path/Frameworks";
				PRODUCT_BUNDLE_IDENTIFIER = "-.$(PRODUCT_NAME:rfc1034identifier)";
				PRODUCT_NAME = "$(TARGET_NAME)";
				SWIFT_VERSION = 3.0.1;
				TEST_HOST = "$(BUILT_PRODUCTS_DIR)/BatteryCafe.app/BatteryCafe";
			};
			name = Release;
		};
/* End XCBuildConfiguration section */

/* Begin XCConfigurationList section */
		E9CA99021BCC1E75000F7E04 /* Build configuration list for PBXProject "jp.minami1389.BatteryCafe" */ = {
			isa = XCConfigurationList;
			buildConfigurations = (
				E9CA99241BCC1E75000F7E04 /* Debug */,
				E9CA99251BCC1E75000F7E04 /* Release */,
			);
			defaultConfigurationIsVisible = 0;
			defaultConfigurationName = Release;
		};
		E9CA99261BCC1E75000F7E04 /* Build configuration list for PBXNativeTarget "BatteryCafe" */ = {
			isa = XCConfigurationList;
			buildConfigurations = (
				E9CA99271BCC1E75000F7E04 /* Debug */,
				E9CA99281BCC1E75000F7E04 /* Release */,
			);
			defaultConfigurationIsVisible = 0;
			defaultConfigurationName = Release;
		};
		E9CA99291BCC1E75000F7E04 /* Build configuration list for PBXNativeTarget "BatteryCafeTests" */ = {
			isa = XCConfigurationList;
			buildConfigurations = (
				E9CA992A1BCC1E75000F7E04 /* Debug */,
				E9CA992B1BCC1E75000F7E04 /* Release */,
			);
			defaultConfigurationIsVisible = 0;
			defaultConfigurationName = Release;
		};
/* End XCConfigurationList section */
	};
	rootObject = E9CA98FF1BCC1E75000F7E04 /* Project object */;
}
