PODS:
  - Google-Mobile-Ads-SDK (7.6.0)
  - GoogleMaps (1.10.5)
  - Ji (1.2.0):
    - Ji/Ji (= 1.2.0)
  - Ji/Ji (1.2.0):
    - Ji/Ji-libxml
  - Ji/Ji-libxml (1.2.0)
  - Reachability (3.2)

DEPENDENCIES:
  - Google-Mobile-Ads-SDK (~> 7.0)
  - GoogleMaps
  - Ji (~> 1.2.0)
  - Reachability

SPEC CHECKSUMS:
  Google-Mobile-Ads-SDK: 0290020329c61183c4685304264b73382bc49fb4
  GoogleMaps: da51c62c338c2d9c47cdad470a0d1e0e4b8544e4
  Ji: ddebb22f9ac445db6e884b66f78ea74fb135fdb7
  Reachability: 33e18b67625424e47b6cde6d202dce689ad7af96

COCOAPODS: 0.39.0
