// !$*UTF8*$!
{
	archiveVersion = 1;
	classes = {
	};
	objectVersion = 46;
	objects = {

/* Begin PBXBuildFile section */
		192C5CC21C42584D0045DBB8 /* Icon-40.png in Resources */ = {isa = PBXBuildFile; fileRef = 192C5CB71C42584D0045DBB8 /* Icon-40.png */; };
		192C5CC31C42584D0045DBB8 /* Icon-40@2x.png in Resources */ = {isa = PBXBuildFile; fileRef = 192C5CB81C42584D0045DBB8 /* Icon-40@2x.png */; };
		192C5CC41C42584D0045DBB8 /* Icon-60@2x.png in Resources */ = {isa = PBXBuildFile; fileRef = 192C5CB91C42584D0045DBB8 /* Icon-60@2x.png */; };
		192C5CC51C42584D0045DBB8 /* Icon-60@3x.png in Resources */ = {isa = PBXBuildFile; fileRef = 192C5CBA1C42584D0045DBB8 /* Icon-60@3x.png */; };
		192C5CC61C42584D0045DBB8 /* Icon-76.png in Resources */ = {isa = PBXBuildFile; fileRef = 192C5CBB1C42584D0045DBB8 /* Icon-76.png */; };
		192C5CC71C42584D0045DBB8 /* Icon-76@2x.png in Resources */ = {isa = PBXBuildFile; fileRef = 192C5CBC1C42584D0045DBB8 /* Icon-76@2x.png */; };
		192C5CC81C42584D0045DBB8 /* Icon-Small.png in Resources */ = {isa = PBXBuildFile; fileRef = 192C5CBD1C42584D0045DBB8 /* Icon-Small.png */; };
		192C5CC91C42584D0045DBB8 /* Icon-Small@2x.png in Resources */ = {isa = PBXBuildFile; fileRef = 192C5CBE1C42584D0045DBB8 /* Icon-Small@2x.png */; };
		192C5CCA1C42584D0045DBB8 /* Icon-Small@3x.png in Resources */ = {isa = PBXBuildFile; fileRef = 192C5CBF1C42584D0045DBB8 /* Icon-Small@3x.png */; };
		192C5CCB1C42584D0045DBB8 /* iTunesArtwork.png in Resources */ = {isa = PBXBuildFile; fileRef = 192C5CC01C42584D0045DBB8 /* iTunesArtwork.png */; };
		192C5CCC1C42584D0045DBB8 /* iTunesArtwork@2x.png in Resources */ = {isa = PBXBuildFile; fileRef = 192C5CC11C42584D0045DBB8 /* iTunesArtwork@2x.png */; };
		192C5CCE1C4258560045DBB8 /* launch_110×117.png in Resources */ = {isa = PBXBuildFile; fileRef = 192C5CCD1C4258560045DBB8 /* launch_110×117.png */; };
		192C5CD01C4259D40045DBB8 /* CustomAlertView.xib in Resources */ = {isa = PBXBuildFile; fileRef = 192C5CCF1C4259D40045DBB8 /* CustomAlertView.xib */; };
		192C5CD21C425B800045DBB8 /* CustomAlertView.swift in Sources */ = {isa = PBXBuildFile; fileRef = 192C5CD11C425B800045DBB8 /* CustomAlertView.swift */; };
		197F6D671C40BBD400617E41 /* BannerTableViewCell.swift in Sources */ = {isa = PBXBuildFile; fileRef = 197F6D661C40BBD400617E41 /* BannerTableViewCell.swift */; };
		19ABFA0A1C4281DD00FC81D1 /* list_cafe_doutor@2x.png in Resources */ = {isa = PBXBuildFile; fileRef = 19ABF9FF1C4281DD00FC81D1 /* list_cafe_doutor@2x.png */; };
		19ABFA0B1C4281DD00FC81D1 /* list_cafe_starbucks@2x.png in Resources */ = {isa = PBXBuildFile; fileRef = 19ABFA001C4281DD00FC81D1 /* list_cafe_starbucks@2x.png */; };
		19ABFA0C1C4281DD00FC81D1 /* list_cafe_tullys@2x.png in Resources */ = {isa = PBXBuildFile; fileRef = 19ABFA011C4281DD00FC81D1 /* list_cafe_tullys@2x.png */; };
		19ABFA0D1C4281DD00FC81D1 /* list_cafe@2x.png in Resources */ = {isa = PBXBuildFile; fileRef = 19ABFA021C4281DD00FC81D1 /* list_cafe@2x.png */; };
		19ABFA0E1C4281DD00FC81D1 /* list_convenience@2x.png in Resources */ = {isa = PBXBuildFile; fileRef = 19ABFA031C4281DD00FC81D1 /* list_convenience@2x.png */; };
		19ABFA0F1C4281DD00FC81D1 /* list_fastfood@2x.png in Resources */ = {isa = PBXBuildFile; fileRef = 19ABFA041C4281DD00FC81D1 /* list_fastfood@2x.png */; };
		19ABFA101C4281DD00FC81D1 /* list_lounge@2x.png in Resources */ = {isa = PBXBuildFile; fileRef = 19ABFA051C4281DD00FC81D1 /* list_lounge@2x.png */; };
		19ABFA111C4281DD00FC81D1 /* list_netcafe@2x.png in Resources */ = {isa = PBXBuildFile; fileRef = 19ABFA061C4281DD00FC81D1 /* list_netcafe@2x.png */; };
		19ABFA121C4281DD00FC81D1 /* list_others@2x.png in Resources */ = {isa = PBXBuildFile; fileRef = 19ABFA071C4281DD00FC81D1 /* list_others@2x.png */; };
		19ABFA131C4281DD00FC81D1 /* list_restaurant@2x.png in Resources */ = {isa = PBXBuildFile; fileRef = 19ABFA081C4281DD00FC81D1 /* list_restaurant@2x.png */; };
		19ABFA141C4281DD00FC81D1 /* list_workingspace@2x.png in Resources */ = {isa = PBXBuildFile; fileRef = 19ABFA091C4281DD00FC81D1 /* list_workingspace@2x.png */; };
		19ABFA201C4281E700FC81D1 /* pin_cafe_doutor@2x.png in Resources */ = {isa = PBXBuildFile; fileRef = 19ABFA151C4281E700FC81D1 /* pin_cafe_doutor@2x.png */; };
		19ABFA211C4281E700FC81D1 /* pin_cafe_starbucks@2x.png in Resources */ = {isa = PBXBuildFile; fileRef = 19ABFA161C4281E700FC81D1 /* pin_cafe_starbucks@2x.png */; };
		19ABFA221C4281E700FC81D1 /* pin_cafe_tullys@2x.png in Resources */ = {isa = PBXBuildFile; fileRef = 19ABFA171C4281E700FC81D1 /* pin_cafe_tullys@2x.png */; };
		19ABFA231C4281E700FC81D1 /* pin_cafe@2x.png in Resources */ = {isa = PBXBuildFile; fileRef = 19ABFA181C4281E700FC81D1 /* pin_cafe@2x.png */; };
		19ABFA241C4281E700FC81D1 /* pin_convenience@2x.png in Resources */ = {isa = PBXBuildFile; fileRef = 19ABFA191C4281E700FC81D1 /* pin_convenience@2x.png */; };
		19ABFA251C4281E700FC81D1 /* pin_fastfood@2x.png in Resources */ = {isa = PBXBuildFile; fileRef = 19ABFA1A1C4281E700FC81D1 /* pin_fastfood@2x.png */; };
		19ABFA261C4281E700FC81D1 /* pin_lounge@2x.png in Resources */ = {isa = PBXBuildFile; fileRef = 19ABFA1B1C4281E700FC81D1 /* pin_lounge@2x.png */; };
		19ABFA271C4281E700FC81D1 /* pin_netcafe@2x.png in Resources */ = {isa = PBXBuildFile; fileRef = 19ABFA1C1C4281E700FC81D1 /* pin_netcafe@2x.png */; };
		19ABFA281C4281E700FC81D1 /* pin_others@2x.png in Resources */ = {isa = PBXBuildFile; fileRef = 19ABFA1D1C4281E700FC81D1 /* pin_others@2x.png */; };
		19ABFA291C4281E700FC81D1 /* pin_restaurant@2x.png in Resources */ = {isa = PBXBuildFile; fileRef = 19ABFA1E1C4281E700FC81D1 /* pin_restaurant@2x.png */; };
		19ABFA2A1C4281E700FC81D1 /* pin_workingspace@2x.png in Resources */ = {isa = PBXBuildFile; fileRef = 19ABFA1F1C4281E700FC81D1 /* pin_workingspace@2x.png */; };
		19ABFAB31C4286AF00FC81D1 /* set_cafe_off.png in Resources */ = {isa = PBXBuildFile; fileRef = 19ABFAA31C4286AF00FC81D1 /* set_cafe_off.png */; };
		19ABFAB41C4286AF00FC81D1 /* set_cafe_on.png in Resources */ = {isa = PBXBuildFile; fileRef = 19ABFAA41C4286AF00FC81D1 /* set_cafe_on.png */; };
		19ABFAB51C4286AF00FC81D1 /* set_convenience_off.png in Resources */ = {isa = PBXBuildFile; fileRef = 19ABFAA51C4286AF00FC81D1 /* set_convenience_off.png */; };
		19ABFAB61C4286AF00FC81D1 /* set_convenience_on.png in Resources */ = {isa = PBXBuildFile; fileRef = 19ABFAA61C4286AF00FC81D1 /* set_convenience_on.png */; };
		19ABFAB71C4286AF00FC81D1 /* set_fastfood_off.png in Resources */ = {isa = PBXBuildFile; fileRef = 19ABFAA71C4286AF00FC81D1 /* set_fastfood_off.png */; };
		19ABFAB81C4286AF00FC81D1 /* set_fastfood_on.png in Resources */ = {isa = PBXBuildFile; fileRef = 19ABFAA81C4286AF00FC81D1 /* set_fastfood_on.png */; };
		19ABFAB91C4286AF00FC81D1 /* set_lounge_off.png in Resources */ = {isa = PBXBuildFile; fileRef = 19ABFAA91C4286AF00FC81D1 /* set_lounge_off.png */; };
		19ABFABA1C4286AF00FC81D1 /* set_lounge_on.png in Resources */ = {isa = PBXBuildFile; fileRef = 19ABFAAA1C4286AF00FC81D1 /* set_lounge_on.png */; };
		19ABFABB1C4286AF00FC81D1 /* set_netcafe_off.png in Resources */ = {isa = PBXBuildFile; fileRef = 19ABFAAB1C4286AF00FC81D1 /* set_netcafe_off.png */; };
		19ABFABC1C4286AF00FC81D1 /* set_netcafe_on.png in Resources */ = {isa = PBXBuildFile; fileRef = 19ABFAAC1C4286AF00FC81D1 /* set_netcafe_on.png */; };
		19ABFABD1C4286AF00FC81D1 /* set_others_off.png in Resources */ = {isa = PBXBuildFile; fileRef = 19ABFAAD1C4286AF00FC81D1 /* set_others_off.png */; };
		19ABFABE1C4286AF00FC81D1 /* set_others_on.png in Resources */ = {isa = PBXBuildFile; fileRef = 19ABFAAE1C4286AF00FC81D1 /* set_others_on.png */; };
		19ABFABF1C4286AF00FC81D1 /* set_restaurant_off.png in Resources */ = {isa = PBXBuildFile; fileRef = 19ABFAAF1C4286AF00FC81D1 /* set_restaurant_off.png */; };
		19ABFAC01C4286AF00FC81D1 /* set_restaurant_on.png in Resources */ = {isa = PBXBuildFile; fileRef = 19ABFAB01C4286AF00FC81D1 /* set_restaurant_on.png */; };
		19ABFAC11C4286AF00FC81D1 /* set_workingspace_off.png in Resources */ = {isa = PBXBuildFile; fileRef = 19ABFAB11C4286AF00FC81D1 /* set_workingspace_off.png */; };
		19ABFAC21C4286AF00FC81D1 /* set_workingspace_on.png in Resources */ = {isa = PBXBuildFile; fileRef = 19ABFAB21C4286AF00FC81D1 /* set_workingspace_on.png */; };
		19CE24B81C1C8DAE007E5B47 /* DlNodeView.swift in Sources */ = {isa = PBXBuildFile; fileRef = 19CE24B71C1C8DAE007E5B47 /* DlNodeView.swift */; };
		19CE24BC1C1DA8BB007E5B47 /* SystemConfiguration.framework in Frameworks */ = {isa = PBXBuildFile; fileRef = 19CE24BB1C1DA8BB007E5B47 /* SystemConfiguration.framework */; };
		19CE24C21C1DB006007E5B47 /* NetworkObserver.swift in Sources */ = {isa = PBXBuildFile; fileRef = 19CE24C11C1DB006007E5B47 /* NetworkObserver.swift */; };
		19CE24C61C1DD240007E5B47 /* SettingCollectionViewCell.swift in Sources */ = {isa = PBXBuildFile; fileRef = 19CE24C51C1DD240007E5B47 /* SettingCollectionViewCell.swift */; };
		19DFCA541C12BE1E00AD79CC /* close@2x.png in Resources */ = {isa = PBXBuildFile; fileRef = 19DFCA511C12BE1E00AD79CC /* close@2x.png */; };
		19DFCA551C12BE1E00AD79CC /* search@2x.png in Resources */ = {isa = PBXBuildFile; fileRef = 19DFCA521C12BE1E00AD79CC /* search@2x.png */; };
		19DFCA561C12BE1E00AD79CC /* setting@2x.png in Resources */ = {isa = PBXBuildFile; fileRef = 19DFCA531C12BE1E00AD79CC /* setting@2x.png */; };
		19DFCA5D1C12BE2800AD79CC /* change_list@2x.png in Resources */ = {isa = PBXBuildFile; fileRef = 19DFCA581C12BE2800AD79CC /* change_list@2x.png */; };
		19DFCA5E1C12BE2800AD79CC /* change_map@2x.png in Resources */ = {isa = PBXBuildFile; fileRef = 19DFCA591C12BE2800AD79CC /* change_map@2x.png */; };
		19DFCA5F1C12BE2800AD79CC /* cuurent_location@2x.png in Resources */ = {isa = PBXBuildFile; fileRef = 19DFCA5A1C12BE2800AD79CC /* cuurent_location@2x.png */; };
		19DFCA601C12BE2800AD79CC /* wifi@2x.png in Resources */ = {isa = PBXBuildFile; fileRef = 19DFCA5B1C12BE2800AD79CC /* wifi@2x.png */; };
		19DFCA641C12C10800AD79CC /* DetailViewController.swift in Sources */ = {isa = PBXBuildFile; fileRef = 19DFCA631C12C10800AD79CC /* DetailViewController.swift */; };
		19F4D25C1C29BD13008D10AA /* SettingViewController.swift in Sources */ = {isa = PBXBuildFile; fileRef = 19F4D25B1C29BD13008D10AA /* SettingViewController.swift */; };
		19F4D25E1C2AD989008D10AA /* CustomMarkerView.xib in Resources */ = {isa = PBXBuildFile; fileRef = 19F4D25D1C2AD989008D10AA /* CustomMarkerView.xib */; };
		19F4D2601C2ADF8C008D10AA /* CustomMarkerView.swift in Sources */ = {isa = PBXBuildFile; fileRef = 19F4D25F1C2ADF8C008D10AA /* CustomMarkerView.swift */; };
		19F4D2781C2AEB13008D10AA /* arrow@2x.png in Resources */ = {isa = PBXBuildFile; fileRef = 19F4D2771C2AEB13008D10AA /* arrow@2x.png */; };
		19F4D2B01C2AEE57008D10AA /* Constants.swift in Sources */ = {isa = PBXBuildFile; fileRef = 19F4D2AF1C2AEE57008D10AA /* Constants.swift */; };
		E90386B11BF4F7D600AE4BD3 /* MapViewController.swift in Sources */ = {isa = PBXBuildFile; fileRef = E90386B01BF4F7D600AE4BD3 /* MapViewController.swift */; };
		E90386C11BF5045F00AE4BD3 /* ListViewController.swift in Sources */ = {isa = PBXBuildFile; fileRef = E90386C01BF5045F00AE4BD3 /* ListViewController.swift */; };
		E90386D91BF63AFE00AE4BD3 /* CustomTableViewCell.swift in Sources */ = {isa = PBXBuildFile; fileRef = E90386D81BF63AFE00AE4BD3 /* CustomTableViewCell.swift */; };
		E923DA0B1BCCD9700005BFDF /* CafeModel.swift in Sources */ = {isa = PBXBuildFile; fileRef = E923DA0A1BCCD9700005BFDF /* CafeModel.swift */; };
		E923DA0F1BCD42B50005BFDF /* CafeData.swift in Sources */ = {isa = PBXBuildFile; fileRef = E923DA0E1BCD42B50005BFDF /* CafeData.swift */; };
		E923DA111BCD48970005BFDF /* ModelLocator.swift in Sources */ = {isa = PBXBuildFile; fileRef = E923DA101BCD48970005BFDF /* ModelLocator.swift */; };
		E9CA990D1BCC1E75000F7E04 /* AppDelegate.swift in Sources */ = {isa = PBXBuildFile; fileRef = E9CA990C1BCC1E75000F7E04 /* AppDelegate.swift */; };
		E9CA99121BCC1E75000F7E04 /* Main.storyboard in Resources */ = {isa = PBXBuildFile; fileRef = E9CA99101BCC1E75000F7E04 /* Main.storyboard */; };
		E9CA99141BCC1E75000F7E04 /* Images.xcassets in Resources */ = {isa = PBXBuildFile; fileRef = E9CA99131BCC1E75000F7E04 /* Images.xcassets */; };
		E9CA99171BCC1E75000F7E04 /* LaunchScreen.xib in Resources */ = {isa = PBXBuildFile; fileRef = E9CA99151BCC1E75000F7E04 /* LaunchScreen.xib */; };
		E9CA99231BCC1E75000F7E04 /* BatteryCafeTests.swift in Sources */ = {isa = PBXBuildFile; fileRef = E9CA99221BCC1E75000F7E04 /* BatteryCafeTests.swift */; };
		ED0AAD707F24A3C0F3CB109A /* Pods_BatteryCafe.framework in Frameworks */ = {isa = PBXBuildFile; fileRef = C175DDDA96A8191E1FD5C002 /* Pods_BatteryCafe.framework */; };
/* End PBXBuildFile section */

/* Begin PBXContainerItemProxy section */
		E9CA991D1BCC1E75000F7E04 /* PBXContainerItemProxy */ = {
			isa = PBXContainerItemProxy;
			containerPortal = E9CA98FF1BCC1E75000F7E04 /* Project object */;
			proxyType = 1;
			remoteGlobalIDString = E9CA99061BCC1E75000F7E04;
			remoteInfo = BatteryCafe;
		};
/* End PBXContainerItemProxy section */

/* Begin PBXFileReference section */
		192C5CB71C42584D0045DBB8 /* Icon-40.png */ = {isa = PBXFileReference; lastKnownFileType = image.png; name = "Icon-40.png"; path = "images/icon/Icon-40.png"; sourceTree = SOURCE_ROOT; };
		192C5CB81C42584D0045DBB8 /* Icon-40@2x.png */ = {isa = PBXFileReference; lastKnownFileType = image.png; name = "Icon-40@2x.png"; path = "images/icon/Icon-40@2x.png"; sourceTree = SOURCE_ROOT; };
		192C5CB91C42584D0045DBB8 /* Icon-60@2x.png */ = {isa = PBXFileReference; lastKnownFileType = image.png; name = "Icon-60@2x.png"; path = "images/icon/Icon-60@2x.png"; sourceTree = SOURCE_ROOT; };
		192C5CBA1C42584D0045DBB8 /* Icon-60@3x.png */ = {isa = PBXFileReference; lastKnownFileType = image.png; name = "Icon-60@3x.png"; path = "images/icon/Icon-60@3x.png"; sourceTree = SOURCE_ROOT; };
		192C5CBB1C42584D0045DBB8 /* Icon-76.png */ = {isa = PBXFileReference; lastKnownFileType = image.png; name = "Icon-76.png"; path = "images/icon/Icon-76.png"; sourceTree = SOURCE_ROOT; };
		192C5CBC1C42584D0045DBB8 /* Icon-76@2x.png */ = {isa = PBXFileReference; lastKnownFileType = image.png; name = "Icon-76@2x.png"; path = "images/icon/Icon-76@2x.png"; sourceTree = SOURCE_ROOT; };
		192C5CBD1C42584D0045DBB8 /* Icon-Small.png */ = {isa = PBXFileReference; lastKnownFileType = image.png; name = "Icon-Small.png"; path = "images/icon/Icon-Small.png"; sourceTree = SOURCE_ROOT; };
		192C5CBE1C42584D0045DBB8 /* Icon-Small@2x.png */ = {isa = PBXFileReference; lastKnownFileType = image.png; name = "Icon-Small@2x.png"; path = "images/icon/Icon-Small@2x.png"; sourceTree = SOURCE_ROOT; };
		192C5CBF1C42584D0045DBB8 /* Icon-Small@3x.png */ = {isa = PBXFileReference; lastKnownFileType = image.png; name = "Icon-Small@3x.png"; path = "images/icon/Icon-Small@3x.png"; sourceTree = SOURCE_ROOT; };
		192C5CC01C42584D0045DBB8 /* iTunesArtwork.png */ = {isa = PBXFileReference; lastKnownFileType = image.png; name = iTunesArtwork.png; path = images/icon/iTunesArtwork.png; sourceTree = SOURCE_ROOT; };
		192C5CC11C42584D0045DBB8 /* iTunesArtwork@2x.png */ = {isa = PBXFileReference; lastKnownFileType = image.png; name = "iTunesArtwork@2x.png"; path = "images/icon/iTunesArtwork@2x.png"; sourceTree = SOURCE_ROOT; };
		192C5CCD1C4258560045DBB8 /* launch_110×117.png */ = {isa = PBXFileReference; lastKnownFileType = image.png; name = "launch_110×117.png"; path = "images/launch_110×117.png"; sourceTree = SOURCE_ROOT; };
		192C5CCF1C4259D40045DBB8 /* CustomAlertView.xib */ = {isa = PBXFileReference; fileEncoding = 4; lastKnownFileType = file.xib; path = CustomAlertView.xib; sourceTree = "<group>"; };
		192C5CD11C425B800045DBB8 /* CustomAlertView.swift */ = {isa = PBXFileReference; fileEncoding = 4; lastKnownFileType = sourcecode.swift; path = CustomAlertView.swift; sourceTree = "<group>"; };
		197F6D661C40BBD400617E41 /* BannerTableViewCell.swift */ = {isa = PBXFileReference; fileEncoding = 4; lastKnownFileType = sourcecode.swift; path = BannerTableViewCell.swift; sourceTree = "<group>"; };
		19ABF9FF1C4281DD00FC81D1 /* list_cafe_doutor@2x.png */ = {isa = PBXFileReference; lastKnownFileType = image.png; name = "list_cafe_doutor@2x.png"; path = "images/list/list_cafe_doutor@2x.png"; sourceTree = SOURCE_ROOT; };
		19ABFA001C4281DD00FC81D1 /* list_cafe_starbucks@2x.png */ = {isa = PBXFileReference; lastKnownFileType = image.png; name = "list_cafe_starbucks@2x.png"; path = "images/list/list_cafe_starbucks@2x.png"; sourceTree = SOURCE_ROOT; };
		19ABFA011C4281DD00FC81D1 /* list_cafe_tullys@2x.png */ = {isa = PBXFileReference; lastKnownFileType = image.png; name = "list_cafe_tullys@2x.png"; path = "images/list/list_cafe_tullys@2x.png"; sourceTree = SOURCE_ROOT; };
		19ABFA021C4281DD00FC81D1 /* list_cafe@2x.png */ = {isa = PBXFileReference; lastKnownFileType = image.png; name = "list_cafe@2x.png"; path = "images/list/list_cafe@2x.png"; sourceTree = SOURCE_ROOT; };
		19ABFA031C4281DD00FC81D1 /* list_convenience@2x.png */ = {isa = PBXFileReference; lastKnownFileType = image.png; name = "list_convenience@2x.png"; path = "images/list/list_convenience@2x.png"; sourceTree = SOURCE_ROOT; };
		19ABFA041C4281DD00FC81D1 /* list_fastfood@2x.png */ = {isa = PBXFileReference; lastKnownFileType = image.png; name = "list_fastfood@2x.png"; path = "images/list/list_fastfood@2x.png"; sourceTree = SOURCE_ROOT; };
		19ABFA051C4281DD00FC81D1 /* list_lounge@2x.png */ = {isa = PBXFileReference; lastKnownFileType = image.png; name = "list_lounge@2x.png"; path = "images/list/list_lounge@2x.png"; sourceTree = SOURCE_ROOT; };
		19ABFA061C4281DD00FC81D1 /* list_netcafe@2x.png */ = {isa = PBXFileReference; lastKnownFileType = image.png; name = "list_netcafe@2x.png"; path = "images/list/list_netcafe@2x.png"; sourceTree = SOURCE_ROOT; };
		19ABFA071C4281DD00FC81D1 /* list_others@2x.png */ = {isa = PBXFileReference; lastKnownFileType = image.png; name = "list_others@2x.png"; path = "images/list/list_others@2x.png"; sourceTree = SOURCE_ROOT; };
		19ABFA081C4281DD00FC81D1 /* list_restaurant@2x.png */ = {isa = PBXFileReference; lastKnownFileType = image.png; name = "list_restaurant@2x.png"; path = "images/list/list_restaurant@2x.png"; sourceTree = SOURCE_ROOT; };
		19ABFA091C4281DD00FC81D1 /* list_workingspace@2x.png */ = {isa = PBXFileReference; lastKnownFileType = image.png; name = "list_workingspace@2x.png"; path = "images/list/list_workingspace@2x.png"; sourceTree = SOURCE_ROOT; };
		19ABFA151C4281E700FC81D1 /* pin_cafe_doutor@2x.png */ = {isa = PBXFileReference; lastKnownFileType = image.png; name = "pin_cafe_doutor@2x.png"; path = "images/pins/pin_cafe_doutor@2x.png"; sourceTree = SOURCE_ROOT; };
		19ABFA161C4281E700FC81D1 /* pin_cafe_starbucks@2x.png */ = {isa = PBXFileReference; lastKnownFileType = image.png; name = "pin_cafe_starbucks@2x.png"; path = "images/pins/pin_cafe_starbucks@2x.png"; sourceTree = SOURCE_ROOT; };
		19ABFA171C4281E700FC81D1 /* pin_cafe_tullys@2x.png */ = {isa = PBXFileReference; lastKnownFileType = image.png; name = "pin_cafe_tullys@2x.png"; path = "images/pins/pin_cafe_tullys@2x.png"; sourceTree = SOURCE_ROOT; };
		19ABFA181C4281E700FC81D1 /* pin_cafe@2x.png */ = {isa = PBXFileReference; lastKnownFileType = image.png; name = "pin_cafe@2x.png"; path = "images/pins/pin_cafe@2x.png"; sourceTree = SOURCE_ROOT; };
		19ABFA191C4281E700FC81D1 /* pin_convenience@2x.png */ = {isa = PBXFileReference; lastKnownFileType = image.png; name = "pin_convenience@2x.png"; path = "images/pins/pin_convenience@2x.png"; sourceTree = SOURCE_ROOT; };
		19ABFA1A1C4281E700FC81D1 /* pin_fastfood@2x.png */ = {isa = PBXFileReference; lastKnownFileType = image.png; name = "pin_fastfood@2x.png"; path = "images/pins/pin_fastfood@2x.png"; sourceTree = SOURCE_ROOT; };
		19ABFA1B1C4281E700FC81D1 /* pin_lounge@2x.png */ = {isa = PBXFileReference; lastKnownFileType = image.png; name = "pin_lounge@2x.png"; path = "images/pins/pin_lounge@2x.png"; sourceTree = SOURCE_ROOT; };
		19ABFA1C1C4281E700FC81D1 /* pin_netcafe@2x.png */ = {isa = PBXFileReference; lastKnownFileType = image.png; name = "pin_netcafe@2x.png"; path = "images/pins/pin_netcafe@2x.png"; sourceTree = SOURCE_ROOT; };
		19ABFA1D1C4281E700FC81D1 /* pin_others@2x.png */ = {isa = PBXFileReference; lastKnownFileType = image.png; name = "pin_others@2x.png"; path = "images/pins/pin_others@2x.png"; sourceTree = SOURCE_ROOT; };
		19ABFA1E1C4281E700FC81D1 /* pin_restaurant@2x.png */ = {isa = PBXFileReference; lastKnownFileType = image.png; name = "pin_restaurant@2x.png"; path = "images/pins/pin_restaurant@2x.png"; sourceTree = SOURCE_ROOT; };
		19ABFA1F1C4281E700FC81D1 /* pin_workingspace@2x.png */ = {isa = PBXFileReference; lastKnownFileType = image.png; name = "pin_workingspace@2x.png"; path = "images/pins/pin_workingspace@2x.png"; sourceTree = SOURCE_ROOT; };
		19ABFAA31C4286AF00FC81D1 /* set_cafe_off.png */ = {isa = PBXFileReference; lastKnownFileType = image.png; name = set_cafe_off.png; path = images/setting/set_cafe_off.png; sourceTree = SOURCE_ROOT; };
		19ABFAA41C4286AF00FC81D1 /* set_cafe_on.png */ = {isa = PBXFileReference; lastKnownFileType = image.png; name = set_cafe_on.png; path = images/setting/set_cafe_on.png; sourceTree = SOURCE_ROOT; };
		19ABFAA51C4286AF00FC81D1 /* set_convenience_off.png */ = {isa = PBXFileReference; lastKnownFileType = image.png; name = set_convenience_off.png; path = images/setting/set_convenience_off.png; sourceTree = SOURCE_ROOT; };
		19ABFAA61C4286AF00FC81D1 /* set_convenience_on.png */ = {isa = PBXFileReference; lastKnownFileType = image.png; name = set_convenience_on.png; path = images/setting/set_convenience_on.png; sourceTree = SOURCE_ROOT; };
		19ABFAA71C4286AF00FC81D1 /* set_fastfood_off.png */ = {isa = PBXFileReference; lastKnownFileType = image.png; name = set_fastfood_off.png; path = images/setting/set_fastfood_off.png; sourceTree = SOURCE_ROOT; };
		19ABFAA81C4286AF00FC81D1 /* set_fastfood_on.png */ = {isa = PBXFileReference; lastKnownFileType = image.png; name = set_fastfood_on.png; path = images/setting/set_fastfood_on.png; sourceTree = SOURCE_ROOT; };
		19ABFAA91C4286AF00FC81D1 /* set_lounge_off.png */ = {isa = PBXFileReference; lastKnownFileType = image.png; name = set_lounge_off.png; path = images/setting/set_lounge_off.png; sourceTree = SOURCE_ROOT; };
		19ABFAAA1C4286AF00FC81D1 /* set_lounge_on.png */ = {isa = PBXFileReference; lastKnownFileType = image.png; name = set_lounge_on.png; path = images/setting/set_lounge_on.png; sourceTree = SOURCE_ROOT; };
		19ABFAAB1C4286AF00FC81D1 /* set_netcafe_off.png */ = {isa = PBXFileReference; lastKnownFileType = image.png; name = set_netcafe_off.png; path = images/setting/set_netcafe_off.png; sourceTree = SOURCE_ROOT; };
		19ABFAAC1C4286AF00FC81D1 /* set_netcafe_on.png */ = {isa = PBXFileReference; lastKnownFileType = image.png; name = set_netcafe_on.png; path = images/setting/set_netcafe_on.png; sourceTree = SOURCE_ROOT; };
		19ABFAAD1C4286AF00FC81D1 /* set_others_off.png */ = {isa = PBXFileReference; lastKnownFileType = image.png; name = set_others_off.png; path = images/setting/set_others_off.png; sourceTree = SOURCE_ROOT; };
		19ABFAAE1C4286AF00FC81D1 /* set_others_on.png */ = {isa = PBXFileReference; lastKnownFileType = image.png; name = set_others_on.png; path = images/setting/set_others_on.png; sourceTree = SOURCE_ROOT; };
		19ABFAAF1C4286AF00FC81D1 /* set_restaurant_off.png */ = {isa = PBXFileReference; lastKnownFileType = image.png; name = set_restaurant_off.png; path = images/setting/set_restaurant_off.png; sourceTree = SOURCE_ROOT; };
		19ABFAB01C4286AF00FC81D1 /* set_restaurant_on.png */ = {isa = PBXFileReference; lastKnownFileType = image.png; name = set_restaurant_on.png; path = images/setting/set_restaurant_on.png; sourceTree = SOURCE_ROOT; };
		19ABFAB11C4286AF00FC81D1 /* set_workingspace_off.png */ = {isa = PBXFileReference; lastKnownFileType = image.png; name = set_workingspace_off.png; path = images/setting/set_workingspace_off.png; sourceTree = SOURCE_ROOT; };
		19ABFAB21C4286AF00FC81D1 /* set_workingspace_on.png */ = {isa = PBXFileReference; lastKnownFileType = image.png; name = set_workingspace_on.png; path = images/setting/set_workingspace_on.png; sourceTree = SOURCE_ROOT; };
		19CE24B71C1C8DAE007E5B47 /* DlNodeView.swift */ = {isa = PBXFileReference; fileEncoding = 4; lastKnownFileType = sourcecode.swift; path = DlNodeView.swift; sourceTree = "<group>"; };
		19CE24BB1C1DA8BB007E5B47 /* SystemConfiguration.framework */ = {isa = PBXFileReference; lastKnownFileType = wrapper.framework; name = SystemConfiguration.framework; path = System/Library/Frameworks/SystemConfiguration.framework; sourceTree = SDKROOT; };
		19CE24C11C1DB006007E5B47 /* NetworkObserver.swift */ = {isa = PBXFileReference; fileEncoding = 4; lastKnownFileType = sourcecode.swift; path = NetworkObserver.swift; sourceTree = "<group>"; };
		19CE24C51C1DD240007E5B47 /* SettingCollectionViewCell.swift */ = {isa = PBXFileReference; fileEncoding = 4; lastKnownFileType = sourcecode.swift; path = SettingCollectionViewCell.swift; sourceTree = "<group>"; };
		19DFCA511C12BE1E00AD79CC /* close@2x.png */ = {isa = PBXFileReference; lastKnownFileType = image.png; name = "close@2x.png"; path = "images/header/close@2x.png"; sourceTree = SOURCE_ROOT; };
		19DFCA521C12BE1E00AD79CC /* search@2x.png */ = {isa = PBXFileReference; lastKnownFileType = image.png; name = "search@2x.png"; path = "images/header/search@2x.png"; sourceTree = SOURCE_ROOT; };
		19DFCA531C12BE1E00AD79CC /* setting@2x.png */ = {isa = PBXFileReference; lastKnownFileType = image.png; name = "setting@2x.png"; path = "images/header/setting@2x.png"; sourceTree = SOURCE_ROOT; };
		19DFCA581C12BE2800AD79CC /* change_list@2x.png */ = {isa = PBXFileReference; lastKnownFileType = image.png; name = "change_list@2x.png"; path = "images/others/change_list@2x.png"; sourceTree = SOURCE_ROOT; };
		19DFCA591C12BE2800AD79CC /* change_map@2x.png */ = {isa = PBXFileReference; lastKnownFileType = image.png; name = "change_map@2x.png"; path = "images/others/change_map@2x.png"; sourceTree = SOURCE_ROOT; };
		19DFCA5A1C12BE2800AD79CC /* cuurent_location@2x.png */ = {isa = PBXFileReference; lastKnownFileType = image.png; name = "cuurent_location@2x.png"; path = "images/others/cuurent_location@2x.png"; sourceTree = SOURCE_ROOT; };
		19DFCA5B1C12BE2800AD79CC /* wifi@2x.png */ = {isa = PBXFileReference; lastKnownFileType = image.png; name = "wifi@2x.png"; path = "images/others/wifi@2x.png"; sourceTree = SOURCE_ROOT; };
		19DFCA631C12C10800AD79CC /* DetailViewController.swift */ = {isa = PBXFileReference; fileEncoding = 4; lastKnownFileType = sourcecode.swift; path = DetailViewController.swift; sourceTree = "<group>"; };
		19F4D25B1C29BD13008D10AA /* SettingViewController.swift */ = {isa = PBXFileReference; fileEncoding = 4; lastKnownFileType = sourcecode.swift; path = SettingViewController.swift; sourceTree = "<group>"; };
		19F4D25D1C2AD989008D10AA /* CustomMarkerView.xib */ = {isa = PBXFileReference; fileEncoding = 4; lastKnownFileType = file.xib; path = CustomMarkerView.xib; sourceTree = "<group>"; };
		19F4D25F1C2ADF8C008D10AA /* CustomMarkerView.swift */ = {isa = PBXFileReference; fileEncoding = 4; lastKnownFileType = sourcecode.swift; path = CustomMarkerView.swift; sourceTree = "<group>"; };
		19F4D2771C2AEB13008D10AA /* arrow@2x.png */ = {isa = PBXFileReference; lastKnownFileType = image.png; name = "arrow@2x.png"; path = "images/others/arrow@2x.png"; sourceTree = SOURCE_ROOT; };
		19F4D2AF1C2AEE57008D10AA /* Constants.swift */ = {isa = PBXFileReference; fileEncoding = 4; lastKnownFileType = sourcecode.swift; path = Constants.swift; sourceTree = "<group>"; };
		5E61CFD3B6D57D28F29681DD /* Pods-BatteryCafe.debug.xcconfig */ = {isa = PBXFileReference; includeInIndex = 1; lastKnownFileType = text.xcconfig; name = "Pods-BatteryCafe.debug.xcconfig"; path = "Pods/Target Support Files/Pods-BatteryCafe/Pods-BatteryCafe.debug.xcconfig"; sourceTree = "<group>"; };
		B90E3D2F55EEB60984460BD3 /* Pods-BatteryCafe.release.xcconfig */ = {isa = PBXFileReference; includeInIndex = 1; lastKnownFileType = text.xcconfig; name = "Pods-BatteryCafe.release.xcconfig"; path = "Pods/Target Support Files/Pods-BatteryCafe/Pods-BatteryCafe.release.xcconfig"; sourceTree = "<group>"; };
		C175DDDA96A8191E1FD5C002 /* Pods_BatteryCafe.framework */ = {isa = PBXFileReference; explicitFileType = wrapper.framework; includeInIndex = 0; path = Pods_BatteryCafe.framework; sourceTree = BUILT_PRODUCTS_DIR; };
		E90386B01BF4F7D600AE4BD3 /* MapViewController.swift */ = {isa = PBXFileReference; fileEncoding = 4; lastKnownFileType = sourcecode.swift; path = MapViewController.swift; sourceTree = "<group>"; };
		E90386C01BF5045F00AE4BD3 /* ListViewController.swift */ = {isa = PBXFileReference; fileEncoding = 4; lastKnownFileType = sourcecode.swift; path = ListViewController.swift; sourceTree = "<group>"; };
		E90386D81BF63AFE00AE4BD3 /* CustomTableViewCell.swift */ = {isa = PBXFileReference; fileEncoding = 4; lastKnownFileType = sourcecode.swift; path = CustomTableViewCell.swift; sourceTree = "<group>"; };
		E923DA0A1BCCD9700005BFDF /* CafeModel.swift */ = {isa = PBXFileReference; fileEncoding = 4; lastKnownFileType = sourcecode.swift; path = CafeModel.swift; sourceTree = "<group>"; };
		E923DA0E1BCD42B50005BFDF /* CafeData.swift */ = {isa = PBXFileReference; fileEncoding = 4; lastKnownFileType = sourcecode.swift; path = CafeData.swift; sourceTree = "<group>"; };
		E923DA101BCD48970005BFDF /* ModelLocator.swift */ = {isa = PBXFileReference; fileEncoding = 4; lastKnownFileType = sourcecode.swift; path = ModelLocator.swift; sourceTree = "<group>"; };
		E9CA99071BCC1E75000F7E04 /* BatteryCafe.app */ = {isa = PBXFileReference; explicitFileType = wrapper.application; includeInIndex = 0; path = BatteryCafe.app; sourceTree = BUILT_PRODUCTS_DIR; };
		E9CA990B1BCC1E75000F7E04 /* Info.plist */ = {isa = PBXFileReference; lastKnownFileType = text.plist.xml; path = Info.plist; sourceTree = "<group>"; };
		E9CA990C1BCC1E75000F7E04 /* AppDelegate.swift */ = {isa = PBXFileReference; lastKnownFileType = sourcecode.swift; path = AppDelegate.swift; sourceTree = "<group>"; };
		E9CA99111BCC1E75000F7E04 /* Base */ = {isa = PBXFileReference; lastKnownFileType = file.storyboard; name = Base; path = Base.lproj/Main.storyboard; sourceTree = "<group>"; };
		E9CA99131BCC1E75000F7E04 /* Images.xcassets */ = {isa = PBXFileReference; lastKnownFileType = folder.assetcatalog; path = Images.xcassets; sourceTree = "<group>"; };
		E9CA99161BCC1E75000F7E04 /* Base */ = {isa = PBXFileReference; lastKnownFileType = file.xib; name = Base; path = Base.lproj/LaunchScreen.xib; sourceTree = "<group>"; };
		E9CA991C1BCC1E75000F7E04 /* BatteryCafeTests.xctest */ = {isa = PBXFileReference; explicitFileType = wrapper.cfbundle; includeInIndex = 0; path = BatteryCafeTests.xctest; sourceTree = BUILT_PRODUCTS_DIR; };
		E9CA99211BCC1E75000F7E04 /* Info.plist */ = {isa = PBXFileReference; lastKnownFileType = text.plist.xml; path = Info.plist; sourceTree = "<group>"; };
		E9CA99221BCC1E75000F7E04 /* BatteryCafeTests.swift */ = {isa = PBXFileReference; lastKnownFileType = sourcecode.swift; path = BatteryCafeTests.swift; sourceTree = "<group>"; };
/* End PBXFileReference section */

/* Begin PBXFrameworksBuildPhase section */
		E9CA99041BCC1E75000F7E04 /* Frameworks */ = {
			isa = PBXFrameworksBuildPhase;
			buildActionMask = 2147483647;
			files = (
				19CE24BC1C1DA8BB007E5B47 /* SystemConfiguration.framework in Frameworks */,
				ED0AAD707F24A3C0F3CB109A /* Pods_BatteryCafe.framework in Frameworks */,
			);
			runOnlyForDeploymentPostprocessing = 0;
		};
		E9CA99191BCC1E75000F7E04 /* Frameworks */ = {
			isa = PBXFrameworksBuildPhase;
			buildActionMask = 2147483647;
			files = (
			);
			runOnlyForDeploymentPostprocessing = 0;
		};
/* End PBXFrameworksBuildPhase section */

/* Begin PBXGroup section */
		19CE24B51C1C8CFB007E5B47 /* ViewController */ = {
			isa = PBXGroup;
			children = (
				E90386B01BF4F7D600AE4BD3 /* MapViewController.swift */,
				E90386C01BF5045F00AE4BD3 /* ListViewController.swift */,
				19DFCA631C12C10800AD79CC /* DetailViewController.swift */,
				19F4D25B1C29BD13008D10AA /* SettingViewController.swift */,
			);
			name = ViewController;
			sourceTree = "<group>";
		};
		19CE24B61C1C8D66007E5B47 /* View */ = {
			isa = PBXGroup;
			children = (
				E90386D81BF63AFE00AE4BD3 /* CustomTableViewCell.swift */,
				19CE24B71C1C8DAE007E5B47 /* DlNodeView.swift */,
				19CE24C51C1DD240007E5B47 /* SettingCollectionViewCell.swift */,
				19F4D25F1C2ADF8C008D10AA /* CustomMarkerView.swift */,
				19F4D25D1C2AD989008D10AA /* CustomMarkerView.xib */,
				197F6D661C40BBD400617E41 /* BannerTableViewCell.swift */,
				192C5CCF1C4259D40045DBB8 /* CustomAlertView.xib */,
				192C5CD11C425B800045DBB8 /* CustomAlertView.swift */,
			);
			name = View;
			sourceTree = "<group>";
		};
		B6CB2DB73CDB4D941379CB1F /* Pods */ = {
			isa = PBXGroup;
			children = (
				5E61CFD3B6D57D28F29681DD /* Pods-BatteryCafe.debug.xcconfig */,
				B90E3D2F55EEB60984460BD3 /* Pods-BatteryCafe.release.xcconfig */,
			);
			name = Pods;
			sourceTree = "<group>";
		};
		DB10DE57B7B9A2CAA770F646 /* Frameworks */ = {
			isa = PBXGroup;
			children = (
				19CE24BB1C1DA8BB007E5B47 /* SystemConfiguration.framework */,
				C175DDDA96A8191E1FD5C002 /* Pods_BatteryCafe.framework */,
			);
			name = Frameworks;
			sourceTree = "<group>";
		};
		E90386A31BF4F78F00AE4BD3 /* images */ = {
			isa = PBXGroup;
			children = (
				19ABFAA31C4286AF00FC81D1 /* set_cafe_off.png */,
				19ABFAA41C4286AF00FC81D1 /* set_cafe_on.png */,
				19ABFAA51C4286AF00FC81D1 /* set_convenience_off.png */,
				19ABFAA61C4286AF00FC81D1 /* set_convenience_on.png */,
				19ABFAA71C4286AF00FC81D1 /* set_fastfood_off.png */,
				19ABFAA81C4286AF00FC81D1 /* set_fastfood_on.png */,
				19ABFAA91C4286AF00FC81D1 /* set_lounge_off.png */,
				19ABFAAA1C4286AF00FC81D1 /* set_lounge_on.png */,
				19ABFAAB1C4286AF00FC81D1 /* set_netcafe_off.png */,
				19ABFAAC1C4286AF00FC81D1 /* set_netcafe_on.png */,
				19ABFAAD1C4286AF00FC81D1 /* set_others_off.png */,
				19ABFAAE1C4286AF00FC81D1 /* set_others_on.png */,
				19ABFAAF1C4286AF00FC81D1 /* set_restaurant_off.png */,
				19ABFAB01C4286AF00FC81D1 /* set_restaurant_on.png */,
				19ABFAB11C4286AF00FC81D1 /* set_workingspace_off.png */,
				19ABFAB21C4286AF00FC81D1 /* set_workingspace_on.png */,
				19ABFA151C4281E700FC81D1 /* pin_cafe_doutor@2x.png */,
				19ABFA161C4281E700FC81D1 /* pin_cafe_starbucks@2x.png */,
				19ABFA171C4281E700FC81D1 /* pin_cafe_tullys@2x.png */,
				19ABFA181C4281E700FC81D1 /* pin_cafe@2x.png */,
				19ABFA191C4281E700FC81D1 /* pin_convenience@2x.png */,
				19ABFA1A1C4281E700FC81D1 /* pin_fastfood@2x.png */,
				19ABFA1B1C4281E700FC81D1 /* pin_lounge@2x.png */,
				19ABFA1C1C4281E700FC81D1 /* pin_netcafe@2x.png */,
				19ABFA1D1C4281E700FC81D1 /* pin_others@2x.png */,
				19ABFA1E1C4281E700FC81D1 /* pin_restaurant@2x.png */,
				19ABFA1F1C4281E700FC81D1 /* pin_workingspace@2x.png */,
				19ABF9FF1C4281DD00FC81D1 /* list_cafe_doutor@2x.png */,
				19ABFA001C4281DD00FC81D1 /* list_cafe_starbucks@2x.png */,
				19ABFA011C4281DD00FC81D1 /* list_cafe_tullys@2x.png */,
				19ABFA021C4281DD00FC81D1 /* list_cafe@2x.png */,
				19ABFA031C4281DD00FC81D1 /* list_convenience@2x.png */,
				19ABFA041C4281DD00FC81D1 /* list_fastfood@2x.png */,
				19ABFA051C4281DD00FC81D1 /* list_lounge@2x.png */,
				19ABFA061C4281DD00FC81D1 /* list_netcafe@2x.png */,
				19ABFA071C4281DD00FC81D1 /* list_others@2x.png */,
				19ABFA081C4281DD00FC81D1 /* list_restaurant@2x.png */,
				19ABFA091C4281DD00FC81D1 /* list_workingspace@2x.png */,
				192C5CCD1C4258560045DBB8 /* launch_110×117.png */,
				192C5CB71C42584D0045DBB8 /* Icon-40.png */,
				192C5CB81C42584D0045DBB8 /* Icon-40@2x.png */,
				192C5CB91C42584D0045DBB8 /* Icon-60@2x.png */,
				192C5CBA1C42584D0045DBB8 /* Icon-60@3x.png */,
				192C5CBB1C42584D0045DBB8 /* Icon-76.png */,
				192C5CBC1C42584D0045DBB8 /* Icon-76@2x.png */,
				192C5CBD1C42584D0045DBB8 /* Icon-Small.png */,
				192C5CBE1C42584D0045DBB8 /* Icon-Small@2x.png */,
				192C5CBF1C42584D0045DBB8 /* Icon-Small@3x.png */,
				192C5CC01C42584D0045DBB8 /* iTunesArtwork.png */,
				192C5CC11C42584D0045DBB8 /* iTunesArtwork@2x.png */,
				19F4D2771C2AEB13008D10AA /* arrow@2x.png */,
				19DFCA581C12BE2800AD79CC /* change_list@2x.png */,
				19DFCA591C12BE2800AD79CC /* change_map@2x.png */,
				19DFCA5A1C12BE2800AD79CC /* cuurent_location@2x.png */,
				19DFCA5B1C12BE2800AD79CC /* wifi@2x.png */,
				19DFCA511C12BE1E00AD79CC /* close@2x.png */,
				19DFCA521C12BE1E00AD79CC /* search@2x.png */,
				19DFCA531C12BE1E00AD79CC /* setting@2x.png */,
			);
			name = images;
			sourceTree = "<group>";
		};
		E923DA121BCD49E20005BFDF /* Model */ = {
			isa = PBXGroup;
			children = (
				E923DA0E1BCD42B50005BFDF /* CafeData.swift */,
				E923DA0A1BCCD9700005BFDF /* CafeModel.swift */,
				19CE24C11C1DB006007E5B47 /* NetworkObserver.swift */,
				E923DA101BCD48970005BFDF /* ModelLocator.swift */,
				19F4D2AF1C2AEE57008D10AA /* Constants.swift */,
			);
			name = Model;
			sourceTree = "<group>";
		};
		E9CA98FE1BCC1E75000F7E04 = {
			isa = PBXGroup;
			children = (
				E9CA99091BCC1E75000F7E04 /* BatteryCafe */,
				E9CA991F1BCC1E75000F7E04 /* BatteryCafeTests */,
				E9CA99081BCC1E75000F7E04 /* Products */,
				B6CB2DB73CDB4D941379CB1F /* Pods */,
				DB10DE57B7B9A2CAA770F646 /* Frameworks */,
			);
			sourceTree = "<group>";
		};
		E9CA99081BCC1E75000F7E04 /* Products */ = {
			isa = PBXGroup;
			children = (
				E9CA99071BCC1E75000F7E04 /* BatteryCafe.app */,
				E9CA991C1BCC1E75000F7E04 /* BatteryCafeTests.xctest */,
			);
			name = Products;
			sourceTree = "<group>";
		};
		E9CA99091BCC1E75000F7E04 /* BatteryCafe */ = {
			isa = PBXGroup;
			children = (
				E9CA990C1BCC1E75000F7E04 /* AppDelegate.swift */,
				E90386A31BF4F78F00AE4BD3 /* images */,
				E923DA121BCD49E20005BFDF /* Model */,
				19CE24B51C1C8CFB007E5B47 /* ViewController */,
				19CE24B61C1C8D66007E5B47 /* View */,
				E9CA99101BCC1E75000F7E04 /* Main.storyboard */,
				E9CA99131BCC1E75000F7E04 /* Images.xcassets */,
				E9CA99151BCC1E75000F7E04 /* LaunchScreen.xib */,
				E9CA990A1BCC1E75000F7E04 /* Supporting Files */,
			);
			path = BatteryCafe;
			sourceTree = "<group>";
		};
		E9CA990A1BCC1E75000F7E04 /* Supporting Files */ = {
			isa = PBXGroup;
			children = (
				E9CA990B1BCC1E75000F7E04 /* Info.plist */,
			);
			name = "Supporting Files";
			sourceTree = "<group>";
		};
		E9CA991F1BCC1E75000F7E04 /* BatteryCafeTests */ = {
			isa = PBXGroup;
			children = (
				E9CA99221BCC1E75000F7E04 /* BatteryCafeTests.swift */,
				E9CA99201BCC1E75000F7E04 /* Supporting Files */,
			);
			path = BatteryCafeTests;
			sourceTree = "<group>";
		};
		E9CA99201BCC1E75000F7E04 /* Supporting Files */ = {
			isa = PBXGroup;
			children = (
				E9CA99211BCC1E75000F7E04 /* Info.plist */,
			);
			name = "Supporting Files";
			sourceTree = "<group>";
		};
/* End PBXGroup section */

/* Begin PBXNativeTarget section */
		E9CA99061BCC1E75000F7E04 /* BatteryCafe */ = {
			isa = PBXNativeTarget;
			buildConfigurationList = E9CA99261BCC1E75000F7E04 /* Build configuration list for PBXNativeTarget "BatteryCafe" */;
			buildPhases = (
				187C640F50B888D668B8A3D4 /* Check Pods Manifest.lock */,
				E9CA99031BCC1E75000F7E04 /* Sources */,
				E9CA99041BCC1E75000F7E04 /* Frameworks */,
				E9CA99051BCC1E75000F7E04 /* Resources */,
				EABA20BFFD52BC073F2186BA /* Copy Pods Resources */,
				C784180EB49882683830213F /* Embed Pods Frameworks */,
			);
			buildRules = (
			);
			dependencies = (
			);
			name = BatteryCafe;
			productName = BatteryCafe;
			productReference = E9CA99071BCC1E75000F7E04 /* BatteryCafe.app */;
			productType = "com.apple.product-type.application";
		};
		E9CA991B1BCC1E75000F7E04 /* BatteryCafeTests */ = {
			isa = PBXNativeTarget;
			buildConfigurationList = E9CA99291BCC1E75000F7E04 /* Build configuration list for PBXNativeTarget "BatteryCafeTests" */;
			buildPhases = (
				E9CA99181BCC1E75000F7E04 /* Sources */,
				E9CA99191BCC1E75000F7E04 /* Frameworks */,
				E9CA991A1BCC1E75000F7E04 /* Resources */,
			);
			buildRules = (
			);
			dependencies = (
				E9CA991E1BCC1E75000F7E04 /* PBXTargetDependency */,
			);
			name = BatteryCafeTests;
			productName = BatteryCafeTests;
			productReference = E9CA991C1BCC1E75000F7E04 /* BatteryCafeTests.xctest */;
			productType = "com.apple.product-type.bundle.unit-test";
		};
/* End PBXNativeTarget section */

/* Begin PBXProject section */
		E9CA98FF1BCC1E75000F7E04 /* Project object */ = {
			isa = PBXProject;
			attributes = {
				LastSwiftMigration = 0710;
				LastSwiftUpdateCheck = 0710;
				LastUpgradeCheck = 0640;
				ORGANIZATIONNAME = TeamDeNA;
				TargetAttributes = {
					E9CA99061BCC1E75000F7E04 = {
						CreatedOnToolsVersion = 6.4;
						DevelopmentTeam = GSYY7UBQ7A;
					};
					E9CA991B1BCC1E75000F7E04 = {
						CreatedOnToolsVersion = 6.4;
						TestTargetID = E9CA99061BCC1E75000F7E04;
					};
				};
			};
			buildConfigurationList = E9CA99021BCC1E75000F7E04 /* Build configuration list for PBXProject "BatteryCafe" */;
			compatibilityVersion = "Xcode 3.2";
			developmentRegion = English;
			hasScannedForEncodings = 0;
			knownRegions = (
				en,
				Base,
			);
			mainGroup = E9CA98FE1BCC1E75000F7E04;
			productRefGroup = E9CA99081BCC1E75000F7E04 /* Products */;
			projectDirPath = "";
			projectRoot = "";
			targets = (
				E9CA99061BCC1E75000F7E04 /* BatteryCafe */,
				E9CA991B1BCC1E75000F7E04 /* BatteryCafeTests */,
			);
		};
/* End PBXProject section */

/* Begin PBXResourcesBuildPhase section */
		E9CA99051BCC1E75000F7E04 /* Resources */ = {
			isa = PBXResourcesBuildPhase;
			buildActionMask = 2147483647;
			files = (
				19ABFAB51C4286AF00FC81D1 /* set_convenience_off.png in Resources */,
				19DFCA541C12BE1E00AD79CC /* close@2x.png in Resources */,
				19ABFA141C4281DD00FC81D1 /* list_workingspace@2x.png in Resources */,
				19ABFAC01C4286AF00FC81D1 /* set_restaurant_on.png in Resources */,
				19DFCA5E1C12BE2800AD79CC /* change_map@2x.png in Resources */,
				19ABFAB91C4286AF00FC81D1 /* set_lounge_off.png in Resources */,
				19ABFA0C1C4281DD00FC81D1 /* list_cafe_tullys@2x.png in Resources */,
				19ABFA111C4281DD00FC81D1 /* list_netcafe@2x.png in Resources */,
				19DFCA551C12BE1E00AD79CC /* search@2x.png in Resources */,
				19ABFAB81C4286AF00FC81D1 /* set_fastfood_on.png in Resources */,
				19ABFAB61C4286AF00FC81D1 /* set_convenience_on.png in Resources */,
				19ABFA0F1C4281DD00FC81D1 /* list_fastfood@2x.png in Resources */,
				19ABFABE1C4286AF00FC81D1 /* set_others_on.png in Resources */,
				192C5CCA1C42584D0045DBB8 /* Icon-Small@3x.png in Resources */,
				192C5CC31C42584D0045DBB8 /* Icon-40@2x.png in Resources */,
				19ABFA2A1C4281E700FC81D1 /* pin_workingspace@2x.png in Resources */,
				19F4D25E1C2AD989008D10AA /* CustomMarkerView.xib in Resources */,
				19F4D2781C2AEB13008D10AA /* arrow@2x.png in Resources */,
				19DFCA601C12BE2800AD79CC /* wifi@2x.png in Resources */,
				19ABFA0A1C4281DD00FC81D1 /* list_cafe_doutor@2x.png in Resources */,
				19ABFA0B1C4281DD00FC81D1 /* list_cafe_starbucks@2x.png in Resources */,
				192C5CCB1C42584D0045DBB8 /* iTunesArtwork.png in Resources */,
				19ABFA281C4281E700FC81D1 /* pin_others@2x.png in Resources */,
				19ABFA221C4281E700FC81D1 /* pin_cafe_tullys@2x.png in Resources */,
				19ABFA0E1C4281DD00FC81D1 /* list_convenience@2x.png in Resources */,
				19ABFA231C4281E700FC81D1 /* pin_cafe@2x.png in Resources */,
				192C5CC61C42584D0045DBB8 /* Icon-76.png in Resources */,
				E9CA99121BCC1E75000F7E04 /* Main.storyboard in Resources */,
				19ABFABC1C4286AF00FC81D1 /* set_netcafe_on.png in Resources */,
				E9CA99171BCC1E75000F7E04 /* LaunchScreen.xib in Resources */,
				19ABFABA1C4286AF00FC81D1 /* set_lounge_on.png in Resources */,
				19ABFA201C4281E700FC81D1 /* pin_cafe_doutor@2x.png in Resources */,
				19ABFAB71C4286AF00FC81D1 /* set_fastfood_off.png in Resources */,
				19DFCA5F1C12BE2800AD79CC /* cuurent_location@2x.png in Resources */,
				19ABFA271C4281E700FC81D1 /* pin_netcafe@2x.png in Resources */,
				19ABFAC21C4286AF00FC81D1 /* set_workingspace_on.png in Resources */,
				19ABFA291C4281E700FC81D1 /* pin_restaurant@2x.png in Resources */,
				192C5CC91C42584D0045DBB8 /* Icon-Small@2x.png in Resources */,
				192C5CC51C42584D0045DBB8 /* Icon-60@3x.png in Resources */,
				19ABFA101C4281DD00FC81D1 /* list_lounge@2x.png in Resources */,
				192C5CC41C42584D0045DBB8 /* Icon-60@2x.png in Resources */,
				19ABFA0D1C4281DD00FC81D1 /* list_cafe@2x.png in Resources */,
				19ABFA251C4281E700FC81D1 /* pin_fastfood@2x.png in Resources */,
				192C5CC81C42584D0045DBB8 /* Icon-Small.png in Resources */,
				19ABFA261C4281E700FC81D1 /* pin_lounge@2x.png in Resources */,
				19ABFA121C4281DD00FC81D1 /* list_others@2x.png in Resources */,
				19DFCA561C12BE1E00AD79CC /* setting@2x.png in Resources */,
				192C5CC21C42584D0045DBB8 /* Icon-40.png in Resources */,
				19DFCA5D1C12BE2800AD79CC /* change_list@2x.png in Resources */,
				19ABFAB31C4286AF00FC81D1 /* set_cafe_off.png in Resources */,
				19ABFAC11C4286AF00FC81D1 /* set_workingspace_off.png in Resources */,
				19ABFA131C4281DD00FC81D1 /* list_restaurant@2x.png in Resources */,
				19ABFA211C4281E700FC81D1 /* pin_cafe_starbucks@2x.png in Resources */,
				19ABFA241C4281E700FC81D1 /* pin_convenience@2x.png in Resources */,
				19ABFABF1C4286AF00FC81D1 /* set_restaurant_off.png in Resources */,
				19ABFABB1C4286AF00FC81D1 /* set_netcafe_off.png in Resources */,
				192C5CCC1C42584D0045DBB8 /* iTunesArtwork@2x.png in Resources */,
				192C5CC71C42584D0045DBB8 /* Icon-76@2x.png in Resources */,
				192C5CCE1C4258560045DBB8 /* launch_110×117.png in Resources */,
				E9CA99141BCC1E75000F7E04 /* Images.xcassets in Resources */,
				19ABFAB41C4286AF00FC81D1 /* set_cafe_on.png in Resources */,
				192C5CD01C4259D40045DBB8 /* CustomAlertView.xib in Resources */,
				19ABFABD1C4286AF00FC81D1 /* set_others_off.png in Resources */,
			);
			runOnlyForDeploymentPostprocessing = 0;
		};
		E9CA991A1BCC1E75000F7E04 /* Resources */ = {
			isa = PBXResourcesBuildPhase;
			buildActionMask = 2147483647;
			files = (
			);
			runOnlyForDeploymentPostprocessing = 0;
		};
/* End PBXResourcesBuildPhase section */

/* Begin PBXShellScriptBuildPhase section */
		187C640F50B888D668B8A3D4 /* Check Pods Manifest.lock */ = {
			isa = PBXShellScriptBuildPhase;
			buildActionMask = 2147483647;
			files = (
			);
			inputPaths = (
			);
			name = "Check Pods Manifest.lock";
			outputPaths = (
			);
			runOnlyForDeploymentPostprocessing = 0;
			shellPath = /bin/sh;
			shellScript = "diff \"${PODS_ROOT}/../Podfile.lock\" \"${PODS_ROOT}/Manifest.lock\" > /dev/null\nif [[ $? != 0 ]] ; then\n    cat << EOM\nerror: The sandbox is not in sync with the Podfile.lock. Run 'pod install' or update your CocoaPods installation.\nEOM\n    exit 1\nfi\n";
			showEnvVarsInLog = 0;
		};
		C784180EB49882683830213F /* Embed Pods Frameworks */ = {
			isa = PBXShellScriptBuildPhase;
			buildActionMask = 2147483647;
			files = (
			);
			inputPaths = (
			);
			name = "Embed Pods Frameworks";
			outputPaths = (
			);
			runOnlyForDeploymentPostprocessing = 0;
			shellPath = /bin/sh;
			shellScript = "\"${SRCROOT}/Pods/Target Support Files/Pods-BatteryCafe/Pods-BatteryCafe-frameworks.sh\"\n";
			showEnvVarsInLog = 0;
		};
		EABA20BFFD52BC073F2186BA /* Copy Pods Resources */ = {
			isa = PBXShellScriptBuildPhase;
			buildActionMask = 2147483647;
			files = (
			);
			inputPaths = (
			);
			name = "Copy Pods Resources";
			outputPaths = (
			);
			runOnlyForDeploymentPostprocessing = 0;
			shellPath = /bin/sh;
			shellScript = "\"${SRCROOT}/Pods/Target Support Files/Pods-BatteryCafe/Pods-BatteryCafe-resources.sh\"\n";
			showEnvVarsInLog = 0;
		};
/* End PBXShellScriptBuildPhase section */

/* Begin PBXSourcesBuildPhase section */
		E9CA99031BCC1E75000F7E04 /* Sources */ = {
			isa = PBXSourcesBuildPhase;
			buildActionMask = 2147483647;
			files = (
				197F6D671C40BBD400617E41 /* BannerTableViewCell.swift in Sources */,
				19DFCA641C12C10800AD79CC /* DetailViewController.swift in Sources */,
				19CE24B81C1C8DAE007E5B47 /* DlNodeView.swift in Sources */,
				19CE24C21C1DB006007E5B47 /* NetworkObserver.swift in Sources */,
				19F4D25C1C29BD13008D10AA /* SettingViewController.swift in Sources */,
				E923DA111BCD48970005BFDF /* ModelLocator.swift in Sources */,
				E90386D91BF63AFE00AE4BD3 /* CustomTableViewCell.swift in Sources */,
				E90386B11BF4F7D600AE4BD3 /* MapViewController.swift in Sources */,
				19CE24C61C1DD240007E5B47 /* SettingCollectionViewCell.swift in Sources */,
				E923DA0B1BCCD9700005BFDF /* CafeModel.swift in Sources */,
				E923DA0F1BCD42B50005BFDF /* CafeData.swift in Sources */,
				19F4D2601C2ADF8C008D10AA /* CustomMarkerView.swift in Sources */,
				19F4D2B01C2AEE57008D10AA /* Constants.swift in Sources */,
				E9CA990D1BCC1E75000F7E04 /* AppDelegate.swift in Sources */,
				192C5CD21C425B800045DBB8 /* CustomAlertView.swift in Sources */,
				E90386C11BF5045F00AE4BD3 /* ListViewController.swift in Sources */,
			);
			runOnlyForDeploymentPostprocessing = 0;
		};
		E9CA99181BCC1E75000F7E04 /* Sources */ = {
			isa = PBXSourcesBuildPhase;
			buildActionMask = 2147483647;
			files = (
				E9CA99231BCC1E75000F7E04 /* BatteryCafeTests.swift in Sources */,
			);
			runOnlyForDeploymentPostprocessing = 0;
		};
/* End PBXSourcesBuildPhase section */

/* Begin PBXTargetDependency section */
		E9CA991E1BCC1E75000F7E04 /* PBXTargetDependency */ = {
			isa = PBXTargetDependency;
			target = E9CA99061BCC1E75000F7E04 /* BatteryCafe */;
			targetProxy = E9CA991D1BCC1E75000F7E04 /* PBXContainerItemProxy */;
		};
/* End PBXTargetDependency section */

/* Begin PBXVariantGroup section */
		E9CA99101BCC1E75000F7E04 /* Main.storyboard */ = {
			isa = PBXVariantGroup;
			children = (
				E9CA99111BCC1E75000F7E04 /* Base */,
			);
			name = Main.storyboard;
			sourceTree = "<group>";
		};
		E9CA99151BCC1E75000F7E04 /* LaunchScreen.xib */ = {
			isa = PBXVariantGroup;
			children = (
				E9CA99161BCC1E75000F7E04 /* Base */,
			);
			name = LaunchScreen.xib;
			sourceTree = "<group>";
		};
/* End PBXVariantGroup section */

/* Begin XCBuildConfiguration section */
		E9CA99241BCC1E75000F7E04 /* Debug */ = {
			isa = XCBuildConfiguration;
			buildSettings = {
				ALWAYS_SEARCH_USER_PATHS = NO;
				CLANG_CXX_LANGUAGE_STANDARD = "gnu++0x";
				CLANG_CXX_LIBRARY = "libc++";
				CLANG_ENABLE_MODULES = YES;
				CLANG_ENABLE_OBJC_ARC = YES;
				CLANG_WARN_BOOL_CONVERSION = YES;
				CLANG_WARN_CONSTANT_CONVERSION = YES;
				CLANG_WARN_DIRECT_OBJC_ISA_USAGE = YES_ERROR;
				CLANG_WARN_EMPTY_BODY = YES;
				CLANG_WARN_ENUM_CONVERSION = YES;
				CLANG_WARN_INT_CONVERSION = YES;
				CLANG_WARN_OBJC_ROOT_CLASS = YES_ERROR;
				CLANG_WARN_UNREACHABLE_CODE = YES;
				CLANG_WARN__DUPLICATE_METHOD_MATCH = YES;
				"CODE_SIGN_IDENTITY[sdk=iphoneos*]" = "iPhone Developer";
				COPY_PHASE_STRIP = NO;
				DEBUG_INFORMATION_FORMAT = "dwarf-with-dsym";
				ENABLE_STRICT_OBJC_MSGSEND = YES;
				GCC_C_LANGUAGE_STANDARD = gnu99;
				GCC_DYNAMIC_NO_PIC = NO;
				GCC_NO_COMMON_BLOCKS = YES;
				GCC_OPTIMIZATION_LEVEL = 0;
				GCC_PREPROCESSOR_DEFINITIONS = (
					"DEBUG=1",
					"$(inherited)",
				);
				GCC_SYMBOLS_PRIVATE_EXTERN = NO;
				GCC_WARN_64_TO_32_BIT_CONVERSION = YES;
				GCC_WARN_ABOUT_RETURN_TYPE = YES_ERROR;
				GCC_WARN_UNDECLARED_SELECTOR = YES;
				GCC_WARN_UNINITIALIZED_AUTOS = YES_AGGRESSIVE;
				GCC_WARN_UNUSED_FUNCTION = YES;
				GCC_WARN_UNUSED_VARIABLE = YES;
				IPHONEOS_DEPLOYMENT_TARGET = 8.4;
				MTL_ENABLE_DEBUG_INFO = YES;
				ONLY_ACTIVE_ARCH = YES;
				SDKROOT = iphoneos;
				SWIFT_OPTIMIZATION_LEVEL = "-Onone";
			};
			name = Debug;
		};
		E9CA99251BCC1E75000F7E04 /* Release */ = {
			isa = XCBuildConfiguration;
			buildSettings = {
				ALWAYS_SEARCH_USER_PATHS = NO;
				CLANG_CXX_LANGUAGE_STANDARD = "gnu++0x";
				CLANG_CXX_LIBRARY = "libc++";
				CLANG_ENABLE_MODULES = YES;
				CLANG_ENABLE_OBJC_ARC = YES;
				CLANG_WARN_BOOL_CONVERSION = YES;
				CLANG_WARN_CONSTANT_CONVERSION = YES;
				CLANG_WARN_DIRECT_OBJC_ISA_USAGE = YES_ERROR;
				CLANG_WARN_EMPTY_BODY = YES;
				CLANG_WARN_ENUM_CONVERSION = YES;
				CLANG_WARN_INT_CONVERSION = YES;
				CLANG_WARN_OBJC_ROOT_CLASS = YES_ERROR;
				CLANG_WARN_UNREACHABLE_CODE = YES;
				CLANG_WARN__DUPLICATE_METHOD_MATCH = YES;
				"CODE_SIGN_IDENTITY[sdk=iphoneos*]" = "iPhone Developer";
				COPY_PHASE_STRIP = NO;
				DEBUG_INFORMATION_FORMAT = "dwarf-with-dsym";
				ENABLE_NS_ASSERTIONS = NO;
				ENABLE_STRICT_OBJC_MSGSEND = YES;
				GCC_C_LANGUAGE_STANDARD = gnu99;
				GCC_NO_COMMON_BLOCKS = YES;
				GCC_WARN_64_TO_32_BIT_CONVERSION = YES;
				GCC_WARN_ABOUT_RETURN_TYPE = YES_ERROR;
				GCC_WARN_UNDECLARED_SELECTOR = YES;
				GCC_WARN_UNINITIALIZED_AUTOS = YES_AGGRESSIVE;
				GCC_WARN_UNUSED_FUNCTION = YES;
				GCC_WARN_UNUSED_VARIABLE = YES;
				IPHONEOS_DEPLOYMENT_TARGET = 8.4;
				MTL_ENABLE_DEBUG_INFO = NO;
				SDKROOT = iphoneos;
				VALIDATE_PRODUCT = YES;
			};
			name = Release;
		};
		E9CA99271BCC1E75000F7E04 /* Debug */ = {
			isa = XCBuildConfiguration;
			baseConfigurationReference = 5E61CFD3B6D57D28F29681DD /* Pods-BatteryCafe.debug.xcconfig */;
			buildSettings = {
				ASSETCATALOG_COMPILER_APPICON_NAME = AppIcon;
				CODE_SIGN_IDENTITY = "iPhone Developer";
				"CODE_SIGN_IDENTITY[sdk=iphoneos*]" = "iPhone Developer";
				ENABLE_BITCODE = NO;
				INFOPLIST_FILE = BatteryCafe/Info.plist;
				IPHONEOS_DEPLOYMENT_TARGET = 8.0;
				LD_RUNPATH_SEARCH_PATHS = "$(inherited) @executable_path/Frameworks";
				ONLY_ACTIVE_ARCH = YES;
				PRODUCT_NAME = "$(TARGET_NAME)";
				PROVISIONING_PROFILE = "";
			};
			name = Debug;
		};
		E9CA99281BCC1E75000F7E04 /* Release */ = {
			isa = XCBuildConfiguration;
			baseConfigurationReference = B90E3D2F55EEB60984460BD3 /* Pods-BatteryCafe.release.xcconfig */;
			buildSettings = {
				ASSETCATALOG_COMPILER_APPICON_NAME = AppIcon;
				CODE_SIGN_IDENTITY = "iPhone Developer";
				"CODE_SIGN_IDENTITY[sdk=iphoneos*]" = "iPhone Developer";
				ENABLE_BITCODE = NO;
				INFOPLIST_FILE = BatteryCafe/Info.plist;
				IPHONEOS_DEPLOYMENT_TARGET = 8.0;
				LD_RUNPATH_SEARCH_PATHS = "$(inherited) @executable_path/Frameworks";
				PRODUCT_NAME = "$(TARGET_NAME)";
				PROVISIONING_PROFILE = "";
			};
			name = Release;
		};
		E9CA992A1BCC1E75000F7E04 /* Debug */ = {
			isa = XCBuildConfiguration;
			buildSettings = {
				BUNDLE_LOADER = "$(TEST_HOST)";
				FRAMEWORK_SEARCH_PATHS = (
					"$(SDKROOT)/Developer/Library/Frameworks",
					"$(inherited)",
				);
				GCC_PREPROCESSOR_DEFINITIONS = (
					"DEBUG=1",
					"$(inherited)",
				);
				INFOPLIST_FILE = BatteryCafeTests/Info.plist;
				LD_RUNPATH_SEARCH_PATHS = "$(inherited) @executable_path/Frameworks @loader_path/Frameworks";
				PRODUCT_NAME = "$(TARGET_NAME)";
				TEST_HOST = "$(BUILT_PRODUCTS_DIR)/BatteryCafe.app/BatteryCafe";
			};
			name = Debug;
		};
		E9CA992B1BCC1E75000F7E04 /* Release */ = {
			isa = XCBuildConfiguration;
			buildSettings = {
				BUNDLE_LOADER = "$(TEST_HOST)";
				FRAMEWORK_SEARCH_PATHS = (
					"$(SDKROOT)/Developer/Library/Frameworks",
					"$(inherited)",
				);
				INFOPLIST_FILE = BatteryCafeTests/Info.plist;
				LD_RUNPATH_SEARCH_PATHS = "$(inherited) @executable_path/Frameworks @loader_path/Frameworks";
				PRODUCT_NAME = "$(TARGET_NAME)";
				TEST_HOST = "$(BUILT_PRODUCTS_DIR)/BatteryCafe.app/BatteryCafe";
			};
			name = Release;
		};
/* End XCBuildConfiguration section */

/* Begin XCConfigurationList section */
		E9CA99021BCC1E75000F7E04 /* Build configuration list for PBXProject "BatteryCafe" */ = {
			isa = XCConfigurationList;
			buildConfigurations = (
				E9CA99241BCC1E75000F7E04 /* Debug */,
				E9CA99251BCC1E75000F7E04 /* Release */,
			);
			defaultConfigurationIsVisible = 0;
			defaultConfigurationName = Release;
		};
		E9CA99261BCC1E75000F7E04 /* Build configuration list for PBXNativeTarget "BatteryCafe" */ = {
			isa = XCConfigurationList;
			buildConfigurations = (
				E9CA99271BCC1E75000F7E04 /* Debug */,
				E9CA99281BCC1E75000F7E04 /* Release */,
			);
			defaultConfigurationIsVisible = 0;
			defaultConfigurationName = Release;
		};
		E9CA99291BCC1E75000F7E04 /* Build configuration list for PBXNativeTarget "BatteryCafeTests" */ = {
			isa = XCConfigurationList;
			buildConfigurations = (
				E9CA992A1BCC1E75000F7E04 /* Debug */,
				E9CA992B1BCC1E75000F7E04 /* Release */,
			);
			defaultConfigurationIsVisible = 0;
			defaultConfigurationName = Release;
		};
/* End XCConfigurationList section */
	};
	rootObject = E9CA98FF1BCC1E75000F7E04 /* Project object */;
}
